// !$*UTF8*$!
{
	archiveVersion = 1;
	classes = {
	};
	objectVersion = 46;
	objects = {

/* Begin PBXBuildFile section */
		632AC6391ADCE92F0023FAA9 /* TXData.m in Sources */ = {isa = PBXBuildFile; fileRef = 632AC6361ADCE92F0023FAA9 /* TXData.m */; };
		632AC63A1ADCE92F0023FAA9 /* TXSqliteOperate.m in Sources */ = {isa = PBXBuildFile; fileRef = 632AC6381ADCE92F0023FAA9 /* TXSqliteOperate.m */; };
		632AC6441ADCF0240023FAA9 /* libsqlite3.dylib in Frameworks */ = {isa = PBXBuildFile; fileRef = 632AC6431ADCF0240023FAA9 /* libsqlite3.dylib */; };
		63315A521B12D5FF00BD9817 /* Addresser.plist in Resources */ = {isa = PBXBuildFile; fileRef = 63315A511B12D5FF00BD9817 /* Addresser.plist */; };
		6350035C1ADFB9710051377F /* pinyin.c in Sources */ = {isa = PBXBuildFile; fileRef = 6350035A1ADFB9710051377F /* pinyin.c */; };
		6350035F1ADFBB750051377F /* Records.m in Sources */ = {isa = PBXBuildFile; fileRef = 6350035E1ADFBB750051377F /* Records.m */; };
		6352995C1ADE0296006840AC /* TXTelNumSingleton.m in Sources */ = {isa = PBXBuildFile; fileRef = 6352995B1ADE0296006840AC /* TXTelNumSingleton.m */; };
		6352996A1ADE372E006840AC /* CustomTabBarBtn.m in Sources */ = {isa = PBXBuildFile; fileRef = 635299671ADE372E006840AC /* CustomTabBarBtn.m */; };
		6352996B1ADE372E006840AC /* TabBarViewController.m in Sources */ = {isa = PBXBuildFile; fileRef = 635299691ADE372E006840AC /* TabBarViewController.m */; };
		635299811ADE3AF7006840AC /* CallController.m in Sources */ = {isa = PBXBuildFile; fileRef = 635299791ADE3AF7006840AC /* CallController.m */; };
		635299821ADE3AF7006840AC /* CallRecordsCell.m in Sources */ = {isa = PBXBuildFile; fileRef = 6352997B1ADE3AF7006840AC /* CallRecordsCell.m */; };
		6359D08E1AE5F28E00592201 /* MessageCell.m in Sources */ = {isa = PBXBuildFile; fileRef = 6359D08D1AE5F28E00592201 /* MessageCell.m */; };
		6359D0941AE600AB00592201 /* MessageController.m in Sources */ = {isa = PBXBuildFile; fileRef = 6359D0931AE600AB00592201 /* MessageController.m */; };
		635B1A3E1AEC968B003F37B5 /* UIImage+helper.m in Sources */ = {isa = PBXBuildFile; fileRef = 635B1A3D1AEC968B003F37B5 /* UIImage+helper.m */; };
		635F81811B3A851300A7A7D1 /* ff.gif in Resources */ = {isa = PBXBuildFile; fileRef = 635F81801B3A851300A7A7D1 /* ff.gif */; };
		635F818B1B3AAB5900A7A7D1 /* line.gif in Resources */ = {isa = PBXBuildFile; fileRef = 635F818A1B3AAB5900A7A7D1 /* line.gif */; };
		6363DA681B2AD369005EF820 /* MessageCell.xib in Resources */ = {isa = PBXBuildFile; fileRef = 6363DA671B2AD369005EF820 /* MessageCell.xib */; };
		6367B0B61B16E1AE0005F4B0 /* EditView.m in Sources */ = {isa = PBXBuildFile; fileRef = 6367B0B51B16E1AE0005F4B0 /* EditView.m */; };
		636A29FB1B4A2DDA00B8F504 /* ContactController.m in Sources */ = {isa = PBXBuildFile; fileRef = 636A29FA1B4A2DDA00B8F504 /* ContactController.m */; };
		636FDE9D1B453BD40056F241 /* BLEmanager.m in Sources */ = {isa = PBXBuildFile; fileRef = 636FDE9C1B453BD40056F241 /* BLEmanager.m */; };
		637005CA1AE4C1D000B8BAFD /* BLEOperation.m in Sources */ = {isa = PBXBuildFile; fileRef = 637005C31AE4C1D000B8BAFD /* BLEOperation.m */; };
		637005CB1AE4C1D000B8BAFD /* TXCallAction.m in Sources */ = {isa = PBXBuildFile; fileRef = 637005C61AE4C1D000B8BAFD /* TXCallAction.m */; };
		637005CC1AE4C1D000B8BAFD /* TXMessageProcessing.m in Sources */ = {isa = PBXBuildFile; fileRef = 637005C91AE4C1D000B8BAFD /* TXMessageProcessing.m */; };
		637005D81AE4DE2400B8BAFD /* NSString+helper.m in Sources */ = {isa = PBXBuildFile; fileRef = 637005D51AE4DE2400B8BAFD /* NSString+helper.m */; };
		637005D91AE4DE2400B8BAFD /* TXGeneral+helper.m in Sources */ = {isa = PBXBuildFile; fileRef = 637005D71AE4DE2400B8BAFD /* TXGeneral+helper.m */; };
		6371850D1B858A500080D5FA /* DBDatas.m in Sources */ = {isa = PBXBuildFile; fileRef = 6371850C1B858A500080D5FA /* DBDatas.m */; };
		637191891B1F01B1005C09C8 /* ChineseToPinyinResource.m in Sources */ = {isa = PBXBuildFile; fileRef = 6371917D1B1F01B1005C09C8 /* ChineseToPinyinResource.m */; };
		6371918A1B1F01B1005C09C8 /* HanyuPinyinOutputFormat.m in Sources */ = {isa = PBXBuildFile; fileRef = 6371917F1B1F01B1005C09C8 /* HanyuPinyinOutputFormat.m */; };
		6371918B1B1F01B1005C09C8 /* NSString+PinYin4Cocoa.m in Sources */ = {isa = PBXBuildFile; fileRef = 637191811B1F01B1005C09C8 /* NSString+PinYin4Cocoa.m */; };
		6371918C1B1F01B1005C09C8 /* PinyinFormatter.m in Sources */ = {isa = PBXBuildFile; fileRef = 637191841B1F01B1005C09C8 /* PinyinFormatter.m */; };
		6371918D1B1F01B1005C09C8 /* PinyinHelper.m in Sources */ = {isa = PBXBuildFile; fileRef = 637191861B1F01B1005C09C8 /* PinyinHelper.m */; };
		6371918E1B1F01B1005C09C8 /* unicode_to_hanyu_pinyin.txt in Resources */ = {isa = PBXBuildFile; fileRef = 637191881B1F01B1005C09C8 /* unicode_to_hanyu_pinyin.txt */; };
		637191971B1F01CF005C09C8 /* AKNumericFormatter.m in Sources */ = {isa = PBXBuildFile; fileRef = 637191921B1F01CF005C09C8 /* AKNumericFormatter.m */; };
		637191981B1F01CF005C09C8 /* NSString+AKNumericFormatter.m in Sources */ = {isa = PBXBuildFile; fileRef = 637191941B1F01CF005C09C8 /* NSString+AKNumericFormatter.m */; };
		637191991B1F01CF005C09C8 /* UITextField+AKNumericFormatter.m in Sources */ = {isa = PBXBuildFile; fileRef = 637191961B1F01CF005C09C8 /* UITextField+AKNumericFormatter.m */; };
		63719B011B44DBFC00AB7DE3 /* CallingView.m in Sources */ = {isa = PBXBuildFile; fileRef = 63719B001B44DBFC00AB7DE3 /* CallingView.m */; };
		637858471B317BEB006D5155 /* GetAllContacts.m in Sources */ = {isa = PBXBuildFile; fileRef = 637858461B317BEB006D5155 /* GetAllContacts.m */; };
		637B49D81B438D7300326937 /* Guides.m in Sources */ = {isa = PBXBuildFile; fileRef = 637B49D51B438D7300326937 /* Guides.m */; };
		637B49D91B438D7300326937 /* GuideView.m in Sources */ = {isa = PBXBuildFile; fileRef = 637B49D71B438D7300326937 /* GuideView.m */; };
		637B49DE1B438DA000326937 /* SVProgressHUD.bundle in Resources */ = {isa = PBXBuildFile; fileRef = 637B49DB1B438DA000326937 /* SVProgressHUD.bundle */; };
		637B49DF1B438DA000326937 /* SVProgressHUD.m in Sources */ = {isa = PBXBuildFile; fileRef = 637B49DD1B438DA000326937 /* SVProgressHUD.m */; };
		637B49E21B438E2900326937 /* CallAndDivert.m in Sources */ = {isa = PBXBuildFile; fileRef = 637B49E11B438E2900326937 /* CallAndDivert.m */; };
		637DFFC91B87192B0078114F /* MsgModel.m in Sources */ = {isa = PBXBuildFile; fileRef = 637DFFC81B87192B0078114F /* MsgModel.m */; };
		637E41DD1B3961D20015F682 /* LoginController.m in Sources */ = {isa = PBXBuildFile; fileRef = 637E41D41B3961D20015F682 /* LoginController.m */; };
		637E41DE1B3961D20015F682 /* PopView.m in Sources */ = {isa = PBXBuildFile; fileRef = 637E41D61B3961D20015F682 /* PopView.m */; };
		637E41DF1B3961D20015F682 /* RegisteViewController.m in Sources */ = {isa = PBXBuildFile; fileRef = 637E41D91B3961D20015F682 /* RegisteViewController.m */; };
		637E41E01B3961D20015F682 /* UpdatePwdController.m in Sources */ = {isa = PBXBuildFile; fileRef = 637E41DC1B3961D20015F682 /* UpdatePwdController.m */; };
		637E41E41B3962F20015F682 /* TXKeyView.m in Sources */ = {isa = PBXBuildFile; fileRef = 637E41E31B3962F20015F682 /* TXKeyView.m */; };
		6382AE9D1B660D6A00745285 /* ContactsTableViewCell.m in Sources */ = {isa = PBXBuildFile; fileRef = 6382AE9B1B660D6A00745285 /* ContactsTableViewCell.m */; };
		6382AE9E1B660D6A00745285 /* ContactsTableViewCell.xib in Resources */ = {isa = PBXBuildFile; fileRef = 6382AE9C1B660D6A00745285 /* ContactsTableViewCell.xib */; };
		6387735A1B4F894600771AF2 /* ShareContentController.m in Sources */ = {isa = PBXBuildFile; fileRef = 638773581B4F894600771AF2 /* ShareContentController.m */; };
		6387735D1B4FB0A000771AF2 /* Launch Screen.xib in Resources */ = {isa = PBXBuildFile; fileRef = 6387735C1B4FB0A000771AF2 /* Launch Screen.xib */; };
		63912DBD1B69FB93000E097B /* MyAddressBooks.m in Sources */ = {isa = PBXBuildFile; fileRef = 63912DBC1B69FB93000E097B /* MyAddressBooks.m */; };
		639132401B21778B00F61E04 /* ShowContactsController.m in Sources */ = {isa = PBXBuildFile; fileRef = 6391323F1B21778B00F61E04 /* ShowContactsController.m */; };
		639132431B2177A500F61E04 /* ShowContactsCell.m in Sources */ = {isa = PBXBuildFile; fileRef = 639132421B2177A500F61E04 /* ShowContactsCell.m */; };
		63975E6D1AE73C040076E849 /* CustomTabBarView.m in Sources */ = {isa = PBXBuildFile; fileRef = 63975E6C1AE73C040076E849 /* CustomTabBarView.m */; };
		63AE3B041B60EFFD0035DE87 /* ProvisionViewController.m in Sources */ = {isa = PBXBuildFile; fileRef = 63AE3B031B60EFFD0035DE87 /* ProvisionViewController.m */; };
		63B8F0A61B6775E700221AA4 /* ChatsInputView.m in Sources */ = {isa = PBXBuildFile; fileRef = 63B8F0A11B6775E700221AA4 /* ChatsInputView.m */; };
		63B8F0A71B6775E700221AA4 /* HPGrowingTextView.m in Sources */ = {isa = PBXBuildFile; fileRef = 63B8F0A31B6775E700221AA4 /* HPGrowingTextView.m */; };
		63B8F0A81B6775E700221AA4 /* HPTextViewInternal.m in Sources */ = {isa = PBXBuildFile; fileRef = 63B8F0A51B6775E700221AA4 /* HPTextViewInternal.m */; };
		63D34AFD1AF9C6DD00C8B533 /* board.gif in Resources */ = {isa = PBXBuildFile; fileRef = 63D34AFC1AF9C6DD00C8B533 /* board.gif */; };
		63D4871C1B1835CA005F2E1A /* DiscoveryController.m in Sources */ = {isa = PBXBuildFile; fileRef = 63D4871B1B1835CA005F2E1A /* DiscoveryController.m */; };
		63D4871E1B183B24005F2E1A /* ble_connect.gif in Resources */ = {isa = PBXBuildFile; fileRef = 63D4871D1B183B24005F2E1A /* ble_connect.gif */; };
		63D487201B183B72005F2E1A /* phone_connect.gif in Resources */ = {isa = PBXBuildFile; fileRef = 63D4871F1B183B72005F2E1A /* phone_connect.gif */; };
		63DACA801B8439C300276FF5 /* CallInView.m in Sources */ = {isa = PBXBuildFile; fileRef = 63DACA7F1B8439C300276FF5 /* CallInView.m */; };
		63DACA831B84741200276FF5 /* DBHelper.m in Sources */ = {isa = PBXBuildFile; fileRef = 63DACA821B84741200276FF5 /* DBHelper.m */; };
		63DACA901B8474D600276FF5 /* FMDatabase.m in Sources */ = {isa = PBXBuildFile; fileRef = 63DACA871B8474D600276FF5 /* FMDatabase.m */; };
		63DACA911B8474D600276FF5 /* FMDatabaseAdditions.m in Sources */ = {isa = PBXBuildFile; fileRef = 63DACA891B8474D600276FF5 /* FMDatabaseAdditions.m */; };
		63DACA921B8474D600276FF5 /* FMDatabasePool.m in Sources */ = {isa = PBXBuildFile; fileRef = 63DACA8B1B8474D600276FF5 /* FMDatabasePool.m */; };
		63DACA931B8474D600276FF5 /* FMDatabaseQueue.m in Sources */ = {isa = PBXBuildFile; fileRef = 63DACA8D1B8474D600276FF5 /* FMDatabaseQueue.m */; };
		63DACA941B8474D600276FF5 /* FMResultSet.m in Sources */ = {isa = PBXBuildFile; fileRef = 63DACA8F1B8474D600276FF5 /* FMResultSet.m */; };
		63DBF8AC1B0303C500041321 /* TXNavgationController.m in Sources */ = {isa = PBXBuildFile; fileRef = 63DBF8AB1B0303C500041321 /* TXNavgationController.m */; };
		63DCF8971B731ACC00C897F2 /* ContactsData.m in Sources */ = {isa = PBXBuildFile; fileRef = 63DCF8961B731ACC00C897F2 /* ContactsData.m */; };
		63DEA6791B0094FB003343A7 /* Message.m in Sources */ = {isa = PBXBuildFile; fileRef = 63DEA6711B0094FB003343A7 /* Message.m */; };
		63DEA67B1B0094FB003343A7 /* MsgDetailCell.m in Sources */ = {isa = PBXBuildFile; fileRef = 63DEA6741B0094FB003343A7 /* MsgDetailCell.m */; };
		63DEA67C1B0094FB003343A7 /* MsgDetailController.m in Sources */ = {isa = PBXBuildFile; fileRef = 63DEA6761B0094FB003343A7 /* MsgDetailController.m */; };
		63DEA67D1B0094FB003343A7 /* MsgFrame.m in Sources */ = {isa = PBXBuildFile; fileRef = 63DEA6781B0094FB003343A7 /* MsgFrame.m */; };
		63DEA6801B009512003343A7 /* NewMsgController.m in Sources */ = {isa = PBXBuildFile; fileRef = 63DEA67F1B009512003343A7 /* NewMsgController.m */; };
		63DED3841B81798C00CAB80F /* BLEHelper.m in Sources */ = {isa = PBXBuildFile; fileRef = 63DED3811B81798C00CAB80F /* BLEHelper.m */; };
		63DED3851B81798C00CAB80F /* Messages.m in Sources */ = {isa = PBXBuildFile; fileRef = 63DED3831B81798C00CAB80F /* Messages.m */; };
		63E1FAC71B09C8B8005C7258 /* SystemConfiguration.framework in Frameworks */ = {isa = PBXBuildFile; fileRef = 63E1FAC61B09C8B8005C7258 /* SystemConfiguration.framework */; };
		63E1FAC91B09C8C2005C7258 /* MobileCoreServices.framework in Frameworks */ = {isa = PBXBuildFile; fileRef = 63E1FAC81B09C8C2005C7258 /* MobileCoreServices.framework */; };
		63E1FACB1B09C8D7005C7258 /* libicucore.dylib in Frameworks */ = {isa = PBXBuildFile; fileRef = 63E1FACA1B09C8D7005C7258 /* libicucore.dylib */; };
		63E1FACD1B09C8E5005C7258 /* CoreTelephony.framework in Frameworks */ = {isa = PBXBuildFile; fileRef = 63E1FACC1B09C8E5005C7258 /* CoreTelephony.framework */; };
		63E1FACF1B09C8F2005C7258 /* CoreLocation.framework in Frameworks */ = {isa = PBXBuildFile; fileRef = 63E1FACE1B09C8F2005C7258 /* CoreLocation.framework */; };
		63E200841B7991920002FAE8 /* AVOSCloud.framework in Frameworks */ = {isa = PBXBuildFile; fileRef = 63E200831B7991920002FAE8 /* AVOSCloud.framework */; };
		63E200891B79E9DB0002FAE8 /* ConBook.m in Sources */ = {isa = PBXBuildFile; fileRef = 63E200881B79E9DB0002FAE8 /* ConBook.m */; };
		63FA3A611B5E28FF0049EB1C /* AFHTTPRequestOperation.m in Sources */ = {isa = PBXBuildFile; fileRef = 63FA3A4F1B5E28FF0049EB1C /* AFHTTPRequestOperation.m */; };
		63FA3A621B5E28FF0049EB1C /* AFHTTPRequestOperationManager.m in Sources */ = {isa = PBXBuildFile; fileRef = 63FA3A511B5E28FF0049EB1C /* AFHTTPRequestOperationManager.m */; };
		63FA3A631B5E28FF0049EB1C /* AFHTTPSessionManager.m in Sources */ = {isa = PBXBuildFile; fileRef = 63FA3A531B5E28FF0049EB1C /* AFHTTPSessionManager.m */; };
		63FA3A641B5E28FF0049EB1C /* AFNetworkReachabilityManager.m in Sources */ = {isa = PBXBuildFile; fileRef = 63FA3A551B5E28FF0049EB1C /* AFNetworkReachabilityManager.m */; };
		63FA3A651B5E28FF0049EB1C /* AFSecurityPolicy.m in Sources */ = {isa = PBXBuildFile; fileRef = 63FA3A581B5E28FF0049EB1C /* AFSecurityPolicy.m */; };
		63FA3A661B5E28FF0049EB1C /* AFURLConnectionOperation.m in Sources */ = {isa = PBXBuildFile; fileRef = 63FA3A5A1B5E28FF0049EB1C /* AFURLConnectionOperation.m */; };
		63FA3A671B5E28FF0049EB1C /* AFURLRequestSerialization.m in Sources */ = {isa = PBXBuildFile; fileRef = 63FA3A5C1B5E28FF0049EB1C /* AFURLRequestSerialization.m */; };
		63FA3A681B5E28FF0049EB1C /* AFURLResponseSerialization.m in Sources */ = {isa = PBXBuildFile; fileRef = 63FA3A5E1B5E28FF0049EB1C /* AFURLResponseSerialization.m */; };
		63FA3A691B5E28FF0049EB1C /* AFURLSessionManager.m in Sources */ = {isa = PBXBuildFile; fileRef = 63FA3A601B5E28FF0049EB1C /* AFURLSessionManager.m */; };
		63FB5FD51ADBB58700A1A92B /* main.m in Sources */ = {isa = PBXBuildFile; fileRef = 63FB5FD41ADBB58700A1A92B /* main.m */; };
		63FB5FD81ADBB58700A1A92B /* AppDelegate.m in Sources */ = {isa = PBXBuildFile; fileRef = 63FB5FD71ADBB58700A1A92B /* AppDelegate.m */; };
		63FB5FDE1ADBB58700A1A92B /* Main.storyboard in Resources */ = {isa = PBXBuildFile; fileRef = 63FB5FDC1ADBB58700A1A92B /* Main.storyboard */; };
		63FB5FE01ADBB58700A1A92B /* Images.xcassets in Resources */ = {isa = PBXBuildFile; fileRef = 63FB5FDF1ADBB58700A1A92B /* Images.xcassets */; };
		63FB5FEF1ADBB58800A1A92B /* TXBoxNewTests.m in Sources */ = {isa = PBXBuildFile; fileRef = 63FB5FEE1ADBB58800A1A92B /* TXBoxNewTests.m */; };
		63FE286E1B20196A00A1C901 /* PhoneAreas.sqlite in Resources */ = {isa = PBXBuildFile; fileRef = 63FE286D1B20196A00A1C901 /* PhoneAreas.sqlite */; };
		63FF5E951B4D2148007D791F /* TextViewInput.m in Sources */ = {isa = PBXBuildFile; fileRef = 63FF5E931B4D2148007D791F /* TextViewInput.m */; };
		63FF5E961B4D2148007D791F /* abcd.png in Resources */ = {isa = PBXBuildFile; fileRef = 63FF5E941B4D2148007D791F /* abcd.png */; };
/* End PBXBuildFile section */

/* Begin PBXContainerItemProxy section */
		63FB5FE91ADBB58800A1A92B /* PBXContainerItemProxy */ = {
			isa = PBXContainerItemProxy;
			containerPortal = 63FB5FC71ADBB58700A1A92B /* Project object */;
			proxyType = 1;
			remoteGlobalIDString = 63FB5FCE1ADBB58700A1A92B;
			remoteInfo = TXBoxNew;
		};
/* End PBXContainerItemProxy section */

/* Begin PBXFileReference section */
		632AC6351ADCE92F0023FAA9 /* TXData.h */ = {isa = PBXFileReference; fileEncoding = 4; lastKnownFileType = sourcecode.c.h; path = TXData.h; sourceTree = "<group>"; };
		632AC6361ADCE92F0023FAA9 /* TXData.m */ = {isa = PBXFileReference; fileEncoding = 4; lastKnownFileType = sourcecode.c.objc; path = TXData.m; sourceTree = "<group>"; };
		632AC6371ADCE92F0023FAA9 /* TXSqliteOperate.h */ = {isa = PBXFileReference; fileEncoding = 4; lastKnownFileType = sourcecode.c.h; path = TXSqliteOperate.h; sourceTree = "<group>"; };
		632AC6381ADCE92F0023FAA9 /* TXSqliteOperate.m */ = {isa = PBXFileReference; fileEncoding = 4; lastKnownFileType = sourcecode.c.objc; path = TXSqliteOperate.m; sourceTree = "<group>"; };
		632AC63C1ADCEA760023FAA9 /* TXBoxNew.pch */ = {isa = PBXFileReference; fileEncoding = 4; lastKnownFileType = sourcecode.c.h; path = TXBoxNew.pch; sourceTree = "<group>"; };
		632AC63E1ADCEB7C0023FAA9 /* Common.h */ = {isa = PBXFileReference; fileEncoding = 4; lastKnownFileType = sourcecode.c.h; path = Common.h; sourceTree = "<group>"; };
		632AC6431ADCF0240023FAA9 /* libsqlite3.dylib */ = {isa = PBXFileReference; lastKnownFileType = "compiled.mach-o.dylib"; name = libsqlite3.dylib; path = usr/lib/libsqlite3.dylib; sourceTree = SDKROOT; };
		63315A511B12D5FF00BD9817 /* Addresser.plist */ = {isa = PBXFileReference; fileEncoding = 4; lastKnownFileType = text.plist.xml; path = Addresser.plist; sourceTree = "<group>"; };
		6350035A1ADFB9710051377F /* pinyin.c */ = {isa = PBXFileReference; fileEncoding = 4; lastKnownFileType = sourcecode.c.c; path = pinyin.c; sourceTree = "<group>"; };
		6350035B1ADFB9710051377F /* pinyin.h */ = {isa = PBXFileReference; fileEncoding = 4; lastKnownFileType = sourcecode.c.h; path = pinyin.h; sourceTree = "<group>"; };
		6350035D1ADFBB750051377F /* Records.h */ = {isa = PBXFileReference; fileEncoding = 4; lastKnownFileType = sourcecode.c.h; path = Records.h; sourceTree = "<group>"; };
		6350035E1ADFBB750051377F /* Records.m */ = {isa = PBXFileReference; fileEncoding = 4; lastKnownFileType = sourcecode.c.objc; path = Records.m; sourceTree = "<group>"; };
		6352995A1ADE0296006840AC /* TXTelNumSingleton.h */ = {isa = PBXFileReference; fileEncoding = 4; lastKnownFileType = sourcecode.c.h; path = TXTelNumSingleton.h; sourceTree = "<group>"; };
		6352995B1ADE0296006840AC /* TXTelNumSingleton.m */ = {isa = PBXFileReference; fileEncoding = 4; lastKnownFileType = sourcecode.c.objc; path = TXTelNumSingleton.m; sourceTree = "<group>"; };
		635299661ADE372E006840AC /* CustomTabBarBtn.h */ = {isa = PBXFileReference; fileEncoding = 4; lastKnownFileType = sourcecode.c.h; path = CustomTabBarBtn.h; sourceTree = "<group>"; };
		635299671ADE372E006840AC /* CustomTabBarBtn.m */ = {isa = PBXFileReference; fileEncoding = 4; lastKnownFileType = sourcecode.c.objc; path = CustomTabBarBtn.m; sourceTree = "<group>"; };
		635299681ADE372E006840AC /* TabBarViewController.h */ = {isa = PBXFileReference; fileEncoding = 4; lastKnownFileType = sourcecode.c.h; path = TabBarViewController.h; sourceTree = "<group>"; };
		635299691ADE372E006840AC /* TabBarViewController.m */ = {isa = PBXFileReference; fileEncoding = 4; lastKnownFileType = sourcecode.c.objc; path = TabBarViewController.m; sourceTree = "<group>"; };
		635299781ADE3AF7006840AC /* CallController.h */ = {isa = PBXFileReference; fileEncoding = 4; lastKnownFileType = sourcecode.c.h; path = CallController.h; sourceTree = "<group>"; };
		635299791ADE3AF7006840AC /* CallController.m */ = {isa = PBXFileReference; fileEncoding = 4; lastKnownFileType = sourcecode.c.objc; path = CallController.m; sourceTree = "<group>"; };
		6352997A1ADE3AF7006840AC /* CallRecordsCell.h */ = {isa = PBXFileReference; fileEncoding = 4; lastKnownFileType = sourcecode.c.h; path = CallRecordsCell.h; sourceTree = "<group>"; };
		6352997B1ADE3AF7006840AC /* CallRecordsCell.m */ = {isa = PBXFileReference; fileEncoding = 4; lastKnownFileType = sourcecode.c.objc; path = CallRecordsCell.m; sourceTree = "<group>"; };
		6359D08C1AE5F28E00592201 /* MessageCell.h */ = {isa = PBXFileReference; fileEncoding = 4; lastKnownFileType = sourcecode.c.h; path = MessageCell.h; sourceTree = "<group>"; };
		6359D08D1AE5F28E00592201 /* MessageCell.m */ = {isa = PBXFileReference; fileEncoding = 4; lastKnownFileType = sourcecode.c.objc; path = MessageCell.m; sourceTree = "<group>"; };
		6359D0921AE600AB00592201 /* MessageController.h */ = {isa = PBXFileReference; fileEncoding = 4; lastKnownFileType = sourcecode.c.h; path = MessageController.h; sourceTree = "<group>"; };
		6359D0931AE600AB00592201 /* MessageController.m */ = {isa = PBXFileReference; fileEncoding = 4; lastKnownFileType = sourcecode.c.objc; path = MessageController.m; sourceTree = "<group>"; };
		635B1A3C1AEC968B003F37B5 /* UIImage+helper.h */ = {isa = PBXFileReference; fileEncoding = 4; lastKnownFileType = sourcecode.c.h; path = "UIImage+helper.h"; sourceTree = "<group>"; };
		635B1A3D1AEC968B003F37B5 /* UIImage+helper.m */ = {isa = PBXFileReference; fileEncoding = 4; lastKnownFileType = sourcecode.c.objc; path = "UIImage+helper.m"; sourceTree = "<group>"; };
		635F81801B3A851300A7A7D1 /* ff.gif */ = {isa = PBXFileReference; lastKnownFileType = image.gif; path = ff.gif; sourceTree = "<group>"; };
		635F818A1B3AAB5900A7A7D1 /* line.gif */ = {isa = PBXFileReference; lastKnownFileType = image.gif; path = line.gif; sourceTree = "<group>"; };
		6363DA671B2AD369005EF820 /* MessageCell.xib */ = {isa = PBXFileReference; fileEncoding = 4; lastKnownFileType = file.xib; path = MessageCell.xib; sourceTree = "<group>"; };
		6367B0B41B16E1AE0005F4B0 /* EditView.h */ = {isa = PBXFileReference; fileEncoding = 4; lastKnownFileType = sourcecode.c.h; path = EditView.h; sourceTree = "<group>"; };
		6367B0B51B16E1AE0005F4B0 /* EditView.m */ = {isa = PBXFileReference; fileEncoding = 4; lastKnownFileType = sourcecode.c.objc; path = EditView.m; sourceTree = "<group>"; };
		636A29F91B4A2DDA00B8F504 /* ContactController.h */ = {isa = PBXFileReference; fileEncoding = 4; lastKnownFileType = sourcecode.c.h; path = ContactController.h; sourceTree = "<group>"; };
		636A29FA1B4A2DDA00B8F504 /* ContactController.m */ = {isa = PBXFileReference; fileEncoding = 4; lastKnownFileType = sourcecode.c.objc; path = ContactController.m; sourceTree = "<group>"; };
		636FDE9B1B453BD40056F241 /* BLEmanager.h */ = {isa = PBXFileReference; fileEncoding = 4; lastKnownFileType = sourcecode.c.h; path = BLEmanager.h; sourceTree = "<group>"; };
		636FDE9C1B453BD40056F241 /* BLEmanager.m */ = {isa = PBXFileReference; fileEncoding = 4; lastKnownFileType = sourcecode.c.objc; path = BLEmanager.m; sourceTree = "<group>"; };
		637005C21AE4C1D000B8BAFD /* BLEOperation.h */ = {isa = PBXFileReference; fileEncoding = 4; lastKnownFileType = sourcecode.c.h; path = BLEOperation.h; sourceTree = "<group>"; };
		637005C31AE4C1D000B8BAFD /* BLEOperation.m */ = {isa = PBXFileReference; fileEncoding = 4; lastKnownFileType = sourcecode.c.objc; path = BLEOperation.m; sourceTree = "<group>"; };
		637005C51AE4C1D000B8BAFD /* TXCallAction.h */ = {isa = PBXFileReference; fileEncoding = 4; lastKnownFileType = sourcecode.c.h; path = TXCallAction.h; sourceTree = "<group>"; };
		637005C61AE4C1D000B8BAFD /* TXCallAction.m */ = {isa = PBXFileReference; fileEncoding = 4; lastKnownFileType = sourcecode.c.objc; path = TXCallAction.m; sourceTree = "<group>"; };
		637005C81AE4C1D000B8BAFD /* TXMessageProcessing.h */ = {isa = PBXFileReference; fileEncoding = 4; lastKnownFileType = sourcecode.c.h; path = TXMessageProcessing.h; sourceTree = "<group>"; };
		637005C91AE4C1D000B8BAFD /* TXMessageProcessing.m */ = {isa = PBXFileReference; fileEncoding = 4; lastKnownFileType = sourcecode.c.objc; path = TXMessageProcessing.m; sourceTree = "<group>"; };
		637005D41AE4DE2400B8BAFD /* NSString+helper.h */ = {isa = PBXFileReference; fileEncoding = 4; lastKnownFileType = sourcecode.c.h; path = "NSString+helper.h"; sourceTree = "<group>"; };
		637005D51AE4DE2400B8BAFD /* NSString+helper.m */ = {isa = PBXFileReference; fileEncoding = 4; lastKnownFileType = sourcecode.c.objc; path = "NSString+helper.m"; sourceTree = "<group>"; };
		637005D61AE4DE2400B8BAFD /* TXGeneral+helper.h */ = {isa = PBXFileReference; fileEncoding = 4; lastKnownFileType = sourcecode.c.h; path = "TXGeneral+helper.h"; sourceTree = "<group>"; };
		637005D71AE4DE2400B8BAFD /* TXGeneral+helper.m */ = {isa = PBXFileReference; fileEncoding = 4; lastKnownFileType = sourcecode.c.objc; path = "TXGeneral+helper.m"; sourceTree = "<group>"; };
		6371850B1B858A500080D5FA /* DBDatas.h */ = {isa = PBXFileReference; fileEncoding = 4; lastKnownFileType = sourcecode.c.h; path = DBDatas.h; sourceTree = "<group>"; };
		6371850C1B858A500080D5FA /* DBDatas.m */ = {isa = PBXFileReference; fileEncoding = 4; lastKnownFileType = sourcecode.c.objc; path = DBDatas.m; sourceTree = "<group>"; };
		6371917C1B1F01B1005C09C8 /* ChineseToPinyinResource.h */ = {isa = PBXFileReference; fileEncoding = 4; lastKnownFileType = sourcecode.c.h; path = ChineseToPinyinResource.h; sourceTree = "<group>"; };
		6371917D1B1F01B1005C09C8 /* ChineseToPinyinResource.m */ = {isa = PBXFileReference; fileEncoding = 4; lastKnownFileType = sourcecode.c.objc; path = ChineseToPinyinResource.m; sourceTree = "<group>"; };
		6371917E1B1F01B1005C09C8 /* HanyuPinyinOutputFormat.h */ = {isa = PBXFileReference; fileEncoding = 4; lastKnownFileType = sourcecode.c.h; path = HanyuPinyinOutputFormat.h; sourceTree = "<group>"; };
		6371917F1B1F01B1005C09C8 /* HanyuPinyinOutputFormat.m */ = {isa = PBXFileReference; fileEncoding = 4; lastKnownFileType = sourcecode.c.objc; path = HanyuPinyinOutputFormat.m; sourceTree = "<group>"; };
		637191801B1F01B1005C09C8 /* NSString+PinYin4Cocoa.h */ = {isa = PBXFileReference; fileEncoding = 4; lastKnownFileType = sourcecode.c.h; path = "NSString+PinYin4Cocoa.h"; sourceTree = "<group>"; };
		637191811B1F01B1005C09C8 /* NSString+PinYin4Cocoa.m */ = {isa = PBXFileReference; fileEncoding = 4; lastKnownFileType = sourcecode.c.objc; path = "NSString+PinYin4Cocoa.m"; sourceTree = "<group>"; };
		637191821B1F01B1005C09C8 /* PinYin4Objc.h */ = {isa = PBXFileReference; fileEncoding = 4; lastKnownFileType = sourcecode.c.h; path = PinYin4Objc.h; sourceTree = "<group>"; };
		637191831B1F01B1005C09C8 /* PinyinFormatter.h */ = {isa = PBXFileReference; fileEncoding = 4; lastKnownFileType = sourcecode.c.h; path = PinyinFormatter.h; sourceTree = "<group>"; };
		637191841B1F01B1005C09C8 /* PinyinFormatter.m */ = {isa = PBXFileReference; fileEncoding = 4; lastKnownFileType = sourcecode.c.objc; path = PinyinFormatter.m; sourceTree = "<group>"; };
		637191851B1F01B1005C09C8 /* PinyinHelper.h */ = {isa = PBXFileReference; fileEncoding = 4; lastKnownFileType = sourcecode.c.h; path = PinyinHelper.h; sourceTree = "<group>"; };
		637191861B1F01B1005C09C8 /* PinyinHelper.m */ = {isa = PBXFileReference; fileEncoding = 4; lastKnownFileType = sourcecode.c.objc; path = PinyinHelper.m; sourceTree = "<group>"; };
		637191881B1F01B1005C09C8 /* unicode_to_hanyu_pinyin.txt */ = {isa = PBXFileReference; fileEncoding = 4; lastKnownFileType = text; path = unicode_to_hanyu_pinyin.txt; sourceTree = "<group>"; };
		637191901B1F01CF005C09C8 /* AKNumericFormatter-Prefix.pch */ = {isa = PBXFileReference; fileEncoding = 4; lastKnownFileType = sourcecode.c.h; path = "AKNumericFormatter-Prefix.pch"; sourceTree = "<group>"; };
		637191911B1F01CF005C09C8 /* AKNumericFormatter.h */ = {isa = PBXFileReference; fileEncoding = 4; lastKnownFileType = sourcecode.c.h; path = AKNumericFormatter.h; sourceTree = "<group>"; };
		637191921B1F01CF005C09C8 /* AKNumericFormatter.m */ = {isa = PBXFileReference; fileEncoding = 4; lastKnownFileType = sourcecode.c.objc; path = AKNumericFormatter.m; sourceTree = "<group>"; };
		637191931B1F01CF005C09C8 /* NSString+AKNumericFormatter.h */ = {isa = PBXFileReference; fileEncoding = 4; lastKnownFileType = sourcecode.c.h; path = "NSString+AKNumericFormatter.h"; sourceTree = "<group>"; };
		637191941B1F01CF005C09C8 /* NSString+AKNumericFormatter.m */ = {isa = PBXFileReference; fileEncoding = 4; lastKnownFileType = sourcecode.c.objc; path = "NSString+AKNumericFormatter.m"; sourceTree = "<group>"; };
		637191951B1F01CF005C09C8 /* UITextField+AKNumericFormatter.h */ = {isa = PBXFileReference; fileEncoding = 4; lastKnownFileType = sourcecode.c.h; path = "UITextField+AKNumericFormatter.h"; sourceTree = "<group>"; };
		637191961B1F01CF005C09C8 /* UITextField+AKNumericFormatter.m */ = {isa = PBXFileReference; fileEncoding = 4; lastKnownFileType = sourcecode.c.objc; path = "UITextField+AKNumericFormatter.m"; sourceTree = "<group>"; };
		63719AFF1B44DBFC00AB7DE3 /* CallingView.h */ = {isa = PBXFileReference; fileEncoding = 4; lastKnownFileType = sourcecode.c.h; path = CallingView.h; sourceTree = "<group>"; };
		63719B001B44DBFC00AB7DE3 /* CallingView.m */ = {isa = PBXFileReference; fileEncoding = 4; lastKnownFileType = sourcecode.c.objc; path = CallingView.m; sourceTree = "<group>"; };
		637858451B317BEB006D5155 /* GetAllContacts.h */ = {isa = PBXFileReference; fileEncoding = 4; lastKnownFileType = sourcecode.c.h; path = GetAllContacts.h; sourceTree = "<group>"; };
		637858461B317BEB006D5155 /* GetAllContacts.m */ = {isa = PBXFileReference; fileEncoding = 4; lastKnownFileType = sourcecode.c.objc; path = GetAllContacts.m; sourceTree = "<group>"; };
		637B49D41B438D7300326937 /* Guides.h */ = {isa = PBXFileReference; fileEncoding = 4; lastKnownFileType = sourcecode.c.h; path = Guides.h; sourceTree = "<group>"; };
		637B49D51B438D7300326937 /* Guides.m */ = {isa = PBXFileReference; fileEncoding = 4; lastKnownFileType = sourcecode.c.objc; path = Guides.m; sourceTree = "<group>"; };
		637B49D61B438D7300326937 /* GuideView.h */ = {isa = PBXFileReference; fileEncoding = 4; lastKnownFileType = sourcecode.c.h; path = GuideView.h; sourceTree = "<group>"; };
		637B49D71B438D7300326937 /* GuideView.m */ = {isa = PBXFileReference; fileEncoding = 4; lastKnownFileType = sourcecode.c.objc; path = GuideView.m; sourceTree = "<group>"; };
		637B49DB1B438DA000326937 /* SVProgressHUD.bundle */ = {isa = PBXFileReference; lastKnownFileType = "wrapper.plug-in"; path = SVProgressHUD.bundle; sourceTree = "<group>"; };
		637B49DC1B438DA000326937 /* SVProgressHUD.h */ = {isa = PBXFileReference; fileEncoding = 4; lastKnownFileType = sourcecode.c.h; path = SVProgressHUD.h; sourceTree = "<group>"; };
		637B49DD1B438DA000326937 /* SVProgressHUD.m */ = {isa = PBXFileReference; fileEncoding = 4; lastKnownFileType = sourcecode.c.objc; path = SVProgressHUD.m; sourceTree = "<group>"; };
		637B49E01B438E2900326937 /* CallAndDivert.h */ = {isa = PBXFileReference; fileEncoding = 4; lastKnownFileType = sourcecode.c.h; path = CallAndDivert.h; sourceTree = "<group>"; };
		637B49E11B438E2900326937 /* CallAndDivert.m */ = {isa = PBXFileReference; fileEncoding = 4; lastKnownFileType = sourcecode.c.objc; path = CallAndDivert.m; sourceTree = "<group>"; };
		637DFFC71B87192B0078114F /* MsgModel.h */ = {isa = PBXFileReference; fileEncoding = 4; lastKnownFileType = sourcecode.c.h; path = MsgModel.h; sourceTree = "<group>"; };
		637DFFC81B87192B0078114F /* MsgModel.m */ = {isa = PBXFileReference; fileEncoding = 4; lastKnownFileType = sourcecode.c.objc; path = MsgModel.m; sourceTree = "<group>"; };
		637E41D31B3961D20015F682 /* LoginController.h */ = {isa = PBXFileReference; fileEncoding = 4; lastKnownFileType = sourcecode.c.h; path = LoginController.h; sourceTree = "<group>"; };
		637E41D41B3961D20015F682 /* LoginController.m */ = {isa = PBXFileReference; fileEncoding = 4; lastKnownFileType = sourcecode.c.objc; path = LoginController.m; sourceTree = "<group>"; };
		637E41D51B3961D20015F682 /* PopView.h */ = {isa = PBXFileReference; fileEncoding = 4; lastKnownFileType = sourcecode.c.h; path = PopView.h; sourceTree = "<group>"; };
		637E41D61B3961D20015F682 /* PopView.m */ = {isa = PBXFileReference; fileEncoding = 4; lastKnownFileType = sourcecode.c.objc; path = PopView.m; sourceTree = "<group>"; };
		637E41D81B3961D20015F682 /* RegisteViewController.h */ = {isa = PBXFileReference; fileEncoding = 4; lastKnownFileType = sourcecode.c.h; path = RegisteViewController.h; sourceTree = "<group>"; };
		637E41D91B3961D20015F682 /* RegisteViewController.m */ = {isa = PBXFileReference; fileEncoding = 4; lastKnownFileType = sourcecode.c.objc; path = RegisteViewController.m; sourceTree = "<group>"; };
		637E41DB1B3961D20015F682 /* UpdatePwdController.h */ = {isa = PBXFileReference; fileEncoding = 4; lastKnownFileType = sourcecode.c.h; path = UpdatePwdController.h; sourceTree = "<group>"; };
		637E41DC1B3961D20015F682 /* UpdatePwdController.m */ = {isa = PBXFileReference; fileEncoding = 4; lastKnownFileType = sourcecode.c.objc; path = UpdatePwdController.m; sourceTree = "<group>"; };
		637E41E21B3962F20015F682 /* TXKeyView.h */ = {isa = PBXFileReference; fileEncoding = 4; lastKnownFileType = sourcecode.c.h; path = TXKeyView.h; sourceTree = "<group>"; };
		637E41E31B3962F20015F682 /* TXKeyView.m */ = {isa = PBXFileReference; fileEncoding = 4; lastKnownFileType = sourcecode.c.objc; path = TXKeyView.m; sourceTree = "<group>"; };
		6382AE9A1B660D6A00745285 /* ContactsTableViewCell.h */ = {isa = PBXFileReference; fileEncoding = 4; lastKnownFileType = sourcecode.c.h; path = ContactsTableViewCell.h; sourceTree = "<group>"; };
		6382AE9B1B660D6A00745285 /* ContactsTableViewCell.m */ = {isa = PBXFileReference; fileEncoding = 4; lastKnownFileType = sourcecode.c.objc; path = ContactsTableViewCell.m; sourceTree = "<group>"; };
		6382AE9C1B660D6A00745285 /* ContactsTableViewCell.xib */ = {isa = PBXFileReference; fileEncoding = 4; lastKnownFileType = file.xib; path = ContactsTableViewCell.xib; sourceTree = "<group>"; };
		638773571B4F894600771AF2 /* ShareContentController.h */ = {isa = PBXFileReference; fileEncoding = 4; lastKnownFileType = sourcecode.c.h; path = ShareContentController.h; sourceTree = "<group>"; };
		638773581B4F894600771AF2 /* ShareContentController.m */ = {isa = PBXFileReference; fileEncoding = 4; lastKnownFileType = sourcecode.c.objc; path = ShareContentController.m; sourceTree = "<group>"; };
		6387735C1B4FB0A000771AF2 /* Launch Screen.xib */ = {isa = PBXFileReference; fileEncoding = 4; lastKnownFileType = file.xib; path = "Launch Screen.xib"; sourceTree = "<group>"; };
		63912DBB1B69FB93000E097B /* MyAddressBooks.h */ = {isa = PBXFileReference; fileEncoding = 4; lastKnownFileType = sourcecode.c.h; path = MyAddressBooks.h; sourceTree = "<group>"; };
		63912DBC1B69FB93000E097B /* MyAddressBooks.m */ = {isa = PBXFileReference; fileEncoding = 4; lastKnownFileType = sourcecode.c.objc; path = MyAddressBooks.m; sourceTree = "<group>"; };
		6391323E1B21778B00F61E04 /* ShowContactsController.h */ = {isa = PBXFileReference; fileEncoding = 4; lastKnownFileType = sourcecode.c.h; path = ShowContactsController.h; sourceTree = "<group>"; };
		6391323F1B21778B00F61E04 /* ShowContactsController.m */ = {isa = PBXFileReference; fileEncoding = 4; lastKnownFileType = sourcecode.c.objc; path = ShowContactsController.m; sourceTree = "<group>"; };
		639132411B2177A500F61E04 /* ShowContactsCell.h */ = {isa = PBXFileReference; fileEncoding = 4; lastKnownFileType = sourcecode.c.h; path = ShowContactsCell.h; sourceTree = "<group>"; };
		639132421B2177A500F61E04 /* ShowContactsCell.m */ = {isa = PBXFileReference; fileEncoding = 4; lastKnownFileType = sourcecode.c.objc; path = ShowContactsCell.m; sourceTree = "<group>"; };
		63975E6B1AE73C040076E849 /* CustomTabBarView.h */ = {isa = PBXFileReference; fileEncoding = 4; lastKnownFileType = sourcecode.c.h; path = CustomTabBarView.h; sourceTree = "<group>"; };
		63975E6C1AE73C040076E849 /* CustomTabBarView.m */ = {isa = PBXFileReference; fileEncoding = 4; lastKnownFileType = sourcecode.c.objc; path = CustomTabBarView.m; sourceTree = "<group>"; };
		63AE3B021B60EFFD0035DE87 /* ProvisionViewController.h */ = {isa = PBXFileReference; fileEncoding = 4; lastKnownFileType = sourcecode.c.h; path = ProvisionViewController.h; sourceTree = "<group>"; };
		63AE3B031B60EFFD0035DE87 /* ProvisionViewController.m */ = {isa = PBXFileReference; fileEncoding = 4; lastKnownFileType = sourcecode.c.objc; path = ProvisionViewController.m; sourceTree = "<group>"; };
		63B8F0A01B6775E700221AA4 /* ChatsInputView.h */ = {isa = PBXFileReference; fileEncoding = 4; lastKnownFileType = sourcecode.c.h; path = ChatsInputView.h; sourceTree = "<group>"; };
		63B8F0A11B6775E700221AA4 /* ChatsInputView.m */ = {isa = PBXFileReference; fileEncoding = 4; lastKnownFileType = sourcecode.c.objc; path = ChatsInputView.m; sourceTree = "<group>"; };
		63B8F0A21B6775E700221AA4 /* HPGrowingTextView.h */ = {isa = PBXFileReference; fileEncoding = 4; lastKnownFileType = sourcecode.c.h; path = HPGrowingTextView.h; sourceTree = "<group>"; };
		63B8F0A31B6775E700221AA4 /* HPGrowingTextView.m */ = {isa = PBXFileReference; fileEncoding = 4; lastKnownFileType = sourcecode.c.objc; path = HPGrowingTextView.m; sourceTree = "<group>"; };
		63B8F0A41B6775E700221AA4 /* HPTextViewInternal.h */ = {isa = PBXFileReference; fileEncoding = 4; lastKnownFileType = sourcecode.c.h; path = HPTextViewInternal.h; sourceTree = "<group>"; };
		63B8F0A51B6775E700221AA4 /* HPTextViewInternal.m */ = {isa = PBXFileReference; fileEncoding = 4; lastKnownFileType = sourcecode.c.objc; path = HPTextViewInternal.m; sourceTree = "<group>"; };
		63D34AFC1AF9C6DD00C8B533 /* board.gif */ = {isa = PBXFileReference; lastKnownFileType = image.gif; path = board.gif; sourceTree = "<group>"; };
		63D4871A1B1835CA005F2E1A /* DiscoveryController.h */ = {isa = PBXFileReference; fileEncoding = 4; lastKnownFileType = sourcecode.c.h; path = DiscoveryController.h; sourceTree = "<group>"; };
		63D4871B1B1835CA005F2E1A /* DiscoveryController.m */ = {isa = PBXFileReference; fileEncoding = 4; lastKnownFileType = sourcecode.c.objc; path = DiscoveryController.m; sourceTree = "<group>"; };
		63D4871D1B183B24005F2E1A /* ble_connect.gif */ = {isa = PBXFileReference; lastKnownFileType = image.gif; path = ble_connect.gif; sourceTree = "<group>"; };
		63D4871F1B183B72005F2E1A /* phone_connect.gif */ = {isa = PBXFileReference; lastKnownFileType = image.gif; path = phone_connect.gif; sourceTree = "<group>"; };
		63DACA7E1B8439C300276FF5 /* CallInView.h */ = {isa = PBXFileReference; fileEncoding = 4; lastKnownFileType = sourcecode.c.h; path = CallInView.h; sourceTree = "<group>"; };
		63DACA7F1B8439C300276FF5 /* CallInView.m */ = {isa = PBXFileReference; fileEncoding = 4; lastKnownFileType = sourcecode.c.objc; path = CallInView.m; sourceTree = "<group>"; };
		63DACA811B84741200276FF5 /* DBHelper.h */ = {isa = PBXFileReference; fileEncoding = 4; lastKnownFileType = sourcecode.c.h; path = DBHelper.h; sourceTree = "<group>"; };
		63DACA821B84741200276FF5 /* DBHelper.m */ = {isa = PBXFileReference; fileEncoding = 4; lastKnownFileType = sourcecode.c.objc; path = DBHelper.m; sourceTree = "<group>"; };
		63DACA851B8474D600276FF5 /* FMDB.h */ = {isa = PBXFileReference; fileEncoding = 4; lastKnownFileType = sourcecode.c.h; path = FMDB.h; sourceTree = "<group>"; };
		63DACA861B8474D600276FF5 /* FMDatabase.h */ = {isa = PBXFileReference; fileEncoding = 4; lastKnownFileType = sourcecode.c.h; path = FMDatabase.h; sourceTree = "<group>"; };
		63DACA871B8474D600276FF5 /* FMDatabase.m */ = {isa = PBXFileReference; fileEncoding = 4; lastKnownFileType = sourcecode.c.objc; path = FMDatabase.m; sourceTree = "<group>"; };
		63DACA881B8474D600276FF5 /* FMDatabaseAdditions.h */ = {isa = PBXFileReference; fileEncoding = 4; lastKnownFileType = sourcecode.c.h; path = FMDatabaseAdditions.h; sourceTree = "<group>"; };
		63DACA891B8474D600276FF5 /* FMDatabaseAdditions.m */ = {isa = PBXFileReference; fileEncoding = 4; lastKnownFileType = sourcecode.c.objc; path = FMDatabaseAdditions.m; sourceTree = "<group>"; };
		63DACA8A1B8474D600276FF5 /* FMDatabasePool.h */ = {isa = PBXFileReference; fileEncoding = 4; lastKnownFileType = sourcecode.c.h; path = FMDatabasePool.h; sourceTree = "<group>"; };
		63DACA8B1B8474D600276FF5 /* FMDatabasePool.m */ = {isa = PBXFileReference; fileEncoding = 4; lastKnownFileType = sourcecode.c.objc; path = FMDatabasePool.m; sourceTree = "<group>"; };
		63DACA8C1B8474D600276FF5 /* FMDatabaseQueue.h */ = {isa = PBXFileReference; fileEncoding = 4; lastKnownFileType = sourcecode.c.h; path = FMDatabaseQueue.h; sourceTree = "<group>"; };
		63DACA8D1B8474D600276FF5 /* FMDatabaseQueue.m */ = {isa = PBXFileReference; fileEncoding = 4; lastKnownFileType = sourcecode.c.objc; path = FMDatabaseQueue.m; sourceTree = "<group>"; };
		63DACA8E1B8474D600276FF5 /* FMResultSet.h */ = {isa = PBXFileReference; fileEncoding = 4; lastKnownFileType = sourcecode.c.h; path = FMResultSet.h; sourceTree = "<group>"; };
		63DACA8F1B8474D600276FF5 /* FMResultSet.m */ = {isa = PBXFileReference; fileEncoding = 4; lastKnownFileType = sourcecode.c.objc; path = FMResultSet.m; sourceTree = "<group>"; };
		63DBF8AA1B0303C500041321 /* TXNavgationController.h */ = {isa = PBXFileReference; fileEncoding = 4; lastKnownFileType = sourcecode.c.h; path = TXNavgationController.h; sourceTree = "<group>"; };
		63DBF8AB1B0303C500041321 /* TXNavgationController.m */ = {isa = PBXFileReference; fileEncoding = 4; lastKnownFileType = sourcecode.c.objc; path = TXNavgationController.m; sourceTree = "<group>"; };
		63DCF8951B731ACC00C897F2 /* ContactsData.h */ = {isa = PBXFileReference; fileEncoding = 4; lastKnownFileType = sourcecode.c.h; path = ContactsData.h; sourceTree = "<group>"; };
		63DCF8961B731ACC00C897F2 /* ContactsData.m */ = {isa = PBXFileReference; fileEncoding = 4; lastKnownFileType = sourcecode.c.objc; path = ContactsData.m; sourceTree = "<group>"; };
		63DEA6701B0094FB003343A7 /* Message.h */ = {isa = PBXFileReference; fileEncoding = 4; lastKnownFileType = sourcecode.c.h; path = Message.h; sourceTree = "<group>"; };
		63DEA6711B0094FB003343A7 /* Message.m */ = {isa = PBXFileReference; fileEncoding = 4; lastKnownFileType = sourcecode.c.objc; path = Message.m; sourceTree = "<group>"; };
		63DEA6731B0094FB003343A7 /* MsgDetailCell.h */ = {isa = PBXFileReference; fileEncoding = 4; lastKnownFileType = sourcecode.c.h; path = MsgDetailCell.h; sourceTree = "<group>"; };
		63DEA6741B0094FB003343A7 /* MsgDetailCell.m */ = {isa = PBXFileReference; fileEncoding = 4; lastKnownFileType = sourcecode.c.objc; path = MsgDetailCell.m; sourceTree = "<group>"; };
		63DEA6751B0094FB003343A7 /* MsgDetailController.h */ = {isa = PBXFileReference; fileEncoding = 4; lastKnownFileType = sourcecode.c.h; path = MsgDetailController.h; sourceTree = "<group>"; };
		63DEA6761B0094FB003343A7 /* MsgDetailController.m */ = {isa = PBXFileReference; fileEncoding = 4; lastKnownFileType = sourcecode.c.objc; path = MsgDetailController.m; sourceTree = "<group>"; };
		63DEA6771B0094FB003343A7 /* MsgFrame.h */ = {isa = PBXFileReference; fileEncoding = 4; lastKnownFileType = sourcecode.c.h; path = MsgFrame.h; sourceTree = "<group>"; };
		63DEA6781B0094FB003343A7 /* MsgFrame.m */ = {isa = PBXFileReference; fileEncoding = 4; lastKnownFileType = sourcecode.c.objc; path = MsgFrame.m; sourceTree = "<group>"; };
		63DEA67E1B009512003343A7 /* NewMsgController.h */ = {isa = PBXFileReference; fileEncoding = 4; lastKnownFileType = sourcecode.c.h; path = NewMsgController.h; sourceTree = "<group>"; };
		63DEA67F1B009512003343A7 /* NewMsgController.m */ = {isa = PBXFileReference; fileEncoding = 4; lastKnownFileType = sourcecode.c.objc; path = NewMsgController.m; sourceTree = "<group>"; };
		63DED3801B81798C00CAB80F /* BLEHelper.h */ = {isa = PBXFileReference; fileEncoding = 4; lastKnownFileType = sourcecode.c.h; path = BLEHelper.h; sourceTree = "<group>"; };
		63DED3811B81798C00CAB80F /* BLEHelper.m */ = {isa = PBXFileReference; fileEncoding = 4; lastKnownFileType = sourcecode.c.objc; path = BLEHelper.m; sourceTree = "<group>"; };
		63DED3821B81798C00CAB80F /* Messages.h */ = {isa = PBXFileReference; fileEncoding = 4; lastKnownFileType = sourcecode.c.h; path = Messages.h; sourceTree = "<group>"; };
		63DED3831B81798C00CAB80F /* Messages.m */ = {isa = PBXFileReference; fileEncoding = 4; lastKnownFileType = sourcecode.c.objc; path = Messages.m; sourceTree = "<group>"; };
		63E1FAC61B09C8B8005C7258 /* SystemConfiguration.framework */ = {isa = PBXFileReference; lastKnownFileType = wrapper.framework; name = SystemConfiguration.framework; path = System/Library/Frameworks/SystemConfiguration.framework; sourceTree = SDKROOT; };
		63E1FAC81B09C8C2005C7258 /* MobileCoreServices.framework */ = {isa = PBXFileReference; lastKnownFileType = wrapper.framework; name = MobileCoreServices.framework; path = System/Library/Frameworks/MobileCoreServices.framework; sourceTree = SDKROOT; };
		63E1FACA1B09C8D7005C7258 /* libicucore.dylib */ = {isa = PBXFileReference; lastKnownFileType = "compiled.mach-o.dylib"; name = libicucore.dylib; path = usr/lib/libicucore.dylib; sourceTree = SDKROOT; };
		63E1FACC1B09C8E5005C7258 /* CoreTelephony.framework */ = {isa = PBXFileReference; lastKnownFileType = wrapper.framework; name = CoreTelephony.framework; path = System/Library/Frameworks/CoreTelephony.framework; sourceTree = SDKROOT; };
		63E1FACE1B09C8F2005C7258 /* CoreLocation.framework */ = {isa = PBXFileReference; lastKnownFileType = wrapper.framework; name = CoreLocation.framework; path = System/Library/Frameworks/CoreLocation.framework; sourceTree = SDKROOT; };
		63E200831B7991920002FAE8 /* AVOSCloud.framework */ = {isa = PBXFileReference; lastKnownFileType = wrapper.framework; name = AVOSCloud.framework; path = TXBoxNew/AVOSCloud.framework; sourceTree = "<group>"; };
		63E200871B79E9DB0002FAE8 /* ConBook.h */ = {isa = PBXFileReference; fileEncoding = 4; lastKnownFileType = sourcecode.c.h; path = ConBook.h; sourceTree = "<group>"; };
		63E200881B79E9DB0002FAE8 /* ConBook.m */ = {isa = PBXFileReference; fileEncoding = 4; lastKnownFileType = sourcecode.c.objc; path = ConBook.m; sourceTree = "<group>"; };
		63FA3A4E1B5E28FF0049EB1C /* AFHTTPRequestOperation.h */ = {isa = PBXFileReference; fileEncoding = 4; lastKnownFileType = sourcecode.c.h; path = AFHTTPRequestOperation.h; sourceTree = "<group>"; };
		63FA3A4F1B5E28FF0049EB1C /* AFHTTPRequestOperation.m */ = {isa = PBXFileReference; fileEncoding = 4; lastKnownFileType = sourcecode.c.objc; path = AFHTTPRequestOperation.m; sourceTree = "<group>"; };
		63FA3A501B5E28FF0049EB1C /* AFHTTPRequestOperationManager.h */ = {isa = PBXFileReference; fileEncoding = 4; lastKnownFileType = sourcecode.c.h; path = AFHTTPRequestOperationManager.h; sourceTree = "<group>"; };
		63FA3A511B5E28FF0049EB1C /* AFHTTPRequestOperationManager.m */ = {isa = PBXFileReference; fileEncoding = 4; lastKnownFileType = sourcecode.c.objc; path = AFHTTPRequestOperationManager.m; sourceTree = "<group>"; };
		63FA3A521B5E28FF0049EB1C /* AFHTTPSessionManager.h */ = {isa = PBXFileReference; fileEncoding = 4; lastKnownFileType = sourcecode.c.h; path = AFHTTPSessionManager.h; sourceTree = "<group>"; };
		63FA3A531B5E28FF0049EB1C /* AFHTTPSessionManager.m */ = {isa = PBXFileReference; fileEncoding = 4; lastKnownFileType = sourcecode.c.objc; path = AFHTTPSessionManager.m; sourceTree = "<group>"; };
		63FA3A541B5E28FF0049EB1C /* AFNetworkReachabilityManager.h */ = {isa = PBXFileReference; fileEncoding = 4; lastKnownFileType = sourcecode.c.h; path = AFNetworkReachabilityManager.h; sourceTree = "<group>"; };
		63FA3A551B5E28FF0049EB1C /* AFNetworkReachabilityManager.m */ = {isa = PBXFileReference; fileEncoding = 4; lastKnownFileType = sourcecode.c.objc; path = AFNetworkReachabilityManager.m; sourceTree = "<group>"; };
		63FA3A561B5E28FF0049EB1C /* AFNetworking.h */ = {isa = PBXFileReference; fileEncoding = 4; lastKnownFileType = sourcecode.c.h; path = AFNetworking.h; sourceTree = "<group>"; };
		63FA3A571B5E28FF0049EB1C /* AFSecurityPolicy.h */ = {isa = PBXFileReference; fileEncoding = 4; lastKnownFileType = sourcecode.c.h; path = AFSecurityPolicy.h; sourceTree = "<group>"; };
		63FA3A581B5E28FF0049EB1C /* AFSecurityPolicy.m */ = {isa = PBXFileReference; fileEncoding = 4; lastKnownFileType = sourcecode.c.objc; path = AFSecurityPolicy.m; sourceTree = "<group>"; };
		63FA3A591B5E28FF0049EB1C /* AFURLConnectionOperation.h */ = {isa = PBXFileReference; fileEncoding = 4; lastKnownFileType = sourcecode.c.h; path = AFURLConnectionOperation.h; sourceTree = "<group>"; };
		63FA3A5A1B5E28FF0049EB1C /* AFURLConnectionOperation.m */ = {isa = PBXFileReference; fileEncoding = 4; lastKnownFileType = sourcecode.c.objc; path = AFURLConnectionOperation.m; sourceTree = "<group>"; };
		63FA3A5B1B5E28FF0049EB1C /* AFURLRequestSerialization.h */ = {isa = PBXFileReference; fileEncoding = 4; lastKnownFileType = sourcecode.c.h; path = AFURLRequestSerialization.h; sourceTree = "<group>"; };
		63FA3A5C1B5E28FF0049EB1C /* AFURLRequestSerialization.m */ = {isa = PBXFileReference; fileEncoding = 4; lastKnownFileType = sourcecode.c.objc; path = AFURLRequestSerialization.m; sourceTree = "<group>"; };
		63FA3A5D1B5E28FF0049EB1C /* AFURLResponseSerialization.h */ = {isa = PBXFileReference; fileEncoding = 4; lastKnownFileType = sourcecode.c.h; path = AFURLResponseSerialization.h; sourceTree = "<group>"; };
		63FA3A5E1B5E28FF0049EB1C /* AFURLResponseSerialization.m */ = {isa = PBXFileReference; fileEncoding = 4; lastKnownFileType = sourcecode.c.objc; path = AFURLResponseSerialization.m; sourceTree = "<group>"; };
		63FA3A5F1B5E28FF0049EB1C /* AFURLSessionManager.h */ = {isa = PBXFileReference; fileEncoding = 4; lastKnownFileType = sourcecode.c.h; path = AFURLSessionManager.h; sourceTree = "<group>"; };
		63FA3A601B5E28FF0049EB1C /* AFURLSessionManager.m */ = {isa = PBXFileReference; fileEncoding = 4; lastKnownFileType = sourcecode.c.objc; path = AFURLSessionManager.m; sourceTree = "<group>"; };
		63FB5FCF1ADBB58700A1A92B /* TXBoxNew.app */ = {isa = PBXFileReference; explicitFileType = wrapper.application; includeInIndex = 0; path = TXBoxNew.app; sourceTree = BUILT_PRODUCTS_DIR; };
		63FB5FD31ADBB58700A1A92B /* Info.plist */ = {isa = PBXFileReference; lastKnownFileType = text.plist.xml; path = Info.plist; sourceTree = "<group>"; };
		63FB5FD41ADBB58700A1A92B /* main.m */ = {isa = PBXFileReference; lastKnownFileType = sourcecode.c.objc; path = main.m; sourceTree = "<group>"; };
		63FB5FD61ADBB58700A1A92B /* AppDelegate.h */ = {isa = PBXFileReference; lastKnownFileType = sourcecode.c.h; path = AppDelegate.h; sourceTree = "<group>"; };
		63FB5FD71ADBB58700A1A92B /* AppDelegate.m */ = {isa = PBXFileReference; lastKnownFileType = sourcecode.c.objc; path = AppDelegate.m; sourceTree = "<group>"; };
		63FB5FDD1ADBB58700A1A92B /* Base */ = {isa = PBXFileReference; lastKnownFileType = file.storyboard; name = Base; path = Base.lproj/Main.storyboard; sourceTree = "<group>"; };
		63FB5FDF1ADBB58700A1A92B /* Images.xcassets */ = {isa = PBXFileReference; lastKnownFileType = folder.assetcatalog; path = Images.xcassets; sourceTree = "<group>"; };
		63FB5FE81ADBB58800A1A92B /* TXBoxNewTests.xctest */ = {isa = PBXFileReference; explicitFileType = wrapper.cfbundle; includeInIndex = 0; path = TXBoxNewTests.xctest; sourceTree = BUILT_PRODUCTS_DIR; };
		63FB5FED1ADBB58800A1A92B /* Info.plist */ = {isa = PBXFileReference; lastKnownFileType = text.plist.xml; path = Info.plist; sourceTree = "<group>"; };
		63FB5FEE1ADBB58800A1A92B /* TXBoxNewTests.m */ = {isa = PBXFileReference; lastKnownFileType = sourcecode.c.objc; path = TXBoxNewTests.m; sourceTree = "<group>"; };
		63FE286D1B20196A00A1C901 /* PhoneAreas.sqlite */ = {isa = PBXFileReference; lastKnownFileType = file; path = PhoneAreas.sqlite; sourceTree = "<group>"; };
		63FF5E921B4D2148007D791F /* TextViewInput.h */ = {isa = PBXFileReference; fileEncoding = 4; lastKnownFileType = sourcecode.c.h; path = TextViewInput.h; sourceTree = "<group>"; };
		63FF5E931B4D2148007D791F /* TextViewInput.m */ = {isa = PBXFileReference; fileEncoding = 4; lastKnownFileType = sourcecode.c.objc; path = TextViewInput.m; sourceTree = "<group>"; };
		63FF5E941B4D2148007D791F /* abcd.png */ = {isa = PBXFileReference; lastKnownFileType = image.png; path = abcd.png; sourceTree = "<group>"; };
/* End PBXFileReference section */

/* Begin PBXFrameworksBuildPhase section */
		63FB5FCC1ADBB58700A1A92B /* Frameworks */ = {
			isa = PBXFrameworksBuildPhase;
			buildActionMask = 2147483647;
			files = (
				63E1FACF1B09C8F2005C7258 /* CoreLocation.framework in Frameworks */,
				63E1FACD1B09C8E5005C7258 /* CoreTelephony.framework in Frameworks */,
				63E1FACB1B09C8D7005C7258 /* libicucore.dylib in Frameworks */,
				63E1FAC91B09C8C2005C7258 /* MobileCoreServices.framework in Frameworks */,
				63E1FAC71B09C8B8005C7258 /* SystemConfiguration.framework in Frameworks */,
				63E200841B7991920002FAE8 /* AVOSCloud.framework in Frameworks */,
				632AC6441ADCF0240023FAA9 /* libsqlite3.dylib in Frameworks */,
			);
			runOnlyForDeploymentPostprocessing = 0;
		};
		63FB5FE51ADBB58800A1A92B /* Frameworks */ = {
			isa = PBXFrameworksBuildPhase;
			buildActionMask = 2147483647;
			files = (
			);
			runOnlyForDeploymentPostprocessing = 0;
		};
/* End PBXFrameworksBuildPhase section */

/* Begin PBXGroup section */
		632AC6341ADCE92F0023FAA9 /* Sqlite_3 */ = {
			isa = PBXGroup;
			children = (
				632AC6351ADCE92F0023FAA9 /* TXData.h */,
				632AC6361ADCE92F0023FAA9 /* TXData.m */,
				632AC6371ADCE92F0023FAA9 /* TXSqliteOperate.h */,
				632AC6381ADCE92F0023FAA9 /* TXSqliteOperate.m */,
				63DACA811B84741200276FF5 /* DBHelper.h */,
				63DACA821B84741200276FF5 /* DBHelper.m */,
				6371850B1B858A500080D5FA /* DBDatas.h */,
				6371850C1B858A500080D5FA /* DBDatas.m */,
			);
			path = Sqlite_3;
			sourceTree = "<group>";
		};
		635299591ADE0296006840AC /* Singleton */ = {
			isa = PBXGroup;
			children = (
				6352995A1ADE0296006840AC /* TXTelNumSingleton.h */,
				6352995B1ADE0296006840AC /* TXTelNumSingleton.m */,
			);
			path = Singleton;
			sourceTree = "<group>";
		};
		635299651ADE372E006840AC /* CustomTabBar */ = {
			isa = PBXGroup;
			children = (
				637E41E21B3962F20015F682 /* TXKeyView.h */,
				637E41E31B3962F20015F682 /* TXKeyView.m */,
				635299661ADE372E006840AC /* CustomTabBarBtn.h */,
				635299671ADE372E006840AC /* CustomTabBarBtn.m */,
				635299681ADE372E006840AC /* TabBarViewController.h */,
				635299691ADE372E006840AC /* TabBarViewController.m */,
				63975E6B1AE73C040076E849 /* CustomTabBarView.h */,
				63975E6C1AE73C040076E849 /* CustomTabBarView.m */,
			);
			path = CustomTabBar;
			sourceTree = "<group>";
		};
		6352996D1ADE39D5006840AC /* Classes */ = {
			isa = PBXGroup;
			children = (
				63D34AFB1AF9C6DD00C8B533 /* Images */,
				637B49D31B438D4400326937 /* GuideView */,
				635299771ADE3AF7006840AC /* Call */,
				635299801ADE3AF7006840AC /* Message */,
				6352997E1ADE3AF7006840AC /* Contacts */,
				6352997F1ADE3AF7006840AC /* Discover */,
			);
			path = Classes;
			sourceTree = "<group>";
		};
		635299771ADE3AF7006840AC /* Call */ = {
			isa = PBXGroup;
			children = (
				63FE286D1B20196A00A1C901 /* PhoneAreas.sqlite */,
				635299781ADE3AF7006840AC /* CallController.h */,
				635299791ADE3AF7006840AC /* CallController.m */,
				6352997A1ADE3AF7006840AC /* CallRecordsCell.h */,
				6352997B1ADE3AF7006840AC /* CallRecordsCell.m */,
			);
			path = Call;
			sourceTree = "<group>";
		};
		6352997E1ADE3AF7006840AC /* Contacts */ = {
			isa = PBXGroup;
			children = (
				63912DBA1B69FB93000E097B /* addressBooks */,
				6350035D1ADFBB750051377F /* Records.h */,
				6350035E1ADFBB750051377F /* Records.m */,
				6350035A1ADFB9710051377F /* pinyin.c */,
				6350035B1ADFB9710051377F /* pinyin.h */,
				6382AE9A1B660D6A00745285 /* ContactsTableViewCell.h */,
				6382AE9B1B660D6A00745285 /* ContactsTableViewCell.m */,
				6382AE9C1B660D6A00745285 /* ContactsTableViewCell.xib */,
				636A29F91B4A2DDA00B8F504 /* ContactController.h */,
				636A29FA1B4A2DDA00B8F504 /* ContactController.m */,
				63DCF8951B731ACC00C897F2 /* ContactsData.h */,
				63DCF8961B731ACC00C897F2 /* ContactsData.m */,
			);
			path = Contacts;
			sourceTree = "<group>";
		};
		6352997F1ADE3AF7006840AC /* Discover */ = {
			isa = PBXGroup;
			children = (
				6371918F1B1F01CF005C09C8 /* AKNumericFormatter */,
				63D4871A1B1835CA005F2E1A /* DiscoveryController.h */,
				63D4871B1B1835CA005F2E1A /* DiscoveryController.m */,
				637E41D51B3961D20015F682 /* PopView.h */,
				637E41D61B3961D20015F682 /* PopView.m */,
				637E41D21B3961D20015F682 /* login */,
				637E41D71B3961D20015F682 /* register */,
				637E41DA1B3961D20015F682 /* updatePwd */,
			);
			path = Discover;
			sourceTree = "<group>";
		};
		635299801ADE3AF7006840AC /* Message */ = {
			isa = PBXGroup;
			children = (
				63315A511B12D5FF00BD9817 /* Addresser.plist */,
				6359D0921AE600AB00592201 /* MessageController.h */,
				6359D0931AE600AB00592201 /* MessageController.m */,
				6359D08C1AE5F28E00592201 /* MessageCell.h */,
				6359D08D1AE5F28E00592201 /* MessageCell.m */,
				6363DA671B2AD369005EF820 /* MessageCell.xib */,
				63FF5E911B4D2148007D791F /* TextViewInput */,
				63DEA66E1B009425003343A7 /* msgDetail */,
				63DEA66F1B009425003343A7 /* newMsg */,
			);
			path = Message;
			sourceTree = "<group>";
		};
		637005C01AE4C1D000B8BAFD /* Peripheral_connect */ = {
			isa = PBXGroup;
			children = (
				637005C11AE4C1D000B8BAFD /* bluetooth */,
				637005C41AE4C1D000B8BAFD /* call */,
				637005C71AE4C1D000B8BAFD /* message */,
			);
			path = Peripheral_connect;
			sourceTree = "<group>";
		};
		637005C11AE4C1D000B8BAFD /* bluetooth */ = {
			isa = PBXGroup;
			children = (
				63DED3801B81798C00CAB80F /* BLEHelper.h */,
				63DED3811B81798C00CAB80F /* BLEHelper.m */,
				63DED3821B81798C00CAB80F /* Messages.h */,
				63DED3831B81798C00CAB80F /* Messages.m */,
				637005C21AE4C1D000B8BAFD /* BLEOperation.h */,
				637005C31AE4C1D000B8BAFD /* BLEOperation.m */,
				636FDE9B1B453BD40056F241 /* BLEmanager.h */,
				636FDE9C1B453BD40056F241 /* BLEmanager.m */,
			);
			path = bluetooth;
			sourceTree = "<group>";
		};
		637005C41AE4C1D000B8BAFD /* call */ = {
			isa = PBXGroup;
			children = (
				637005C51AE4C1D000B8BAFD /* TXCallAction.h */,
				637005C61AE4C1D000B8BAFD /* TXCallAction.m */,
			);
			path = call;
			sourceTree = "<group>";
		};
		637005C71AE4C1D000B8BAFD /* message */ = {
			isa = PBXGroup;
			children = (
				637005C81AE4C1D000B8BAFD /* TXMessageProcessing.h */,
				637005C91AE4C1D000B8BAFD /* TXMessageProcessing.m */,
			);
			path = message;
			sourceTree = "<group>";
		};
		637005D31AE4DE2400B8BAFD /* Categroy */ = {
			isa = PBXGroup;
			children = (
				6371917A1B1F01B1005C09C8 /* PinYin4Objc */,
				637005D41AE4DE2400B8BAFD /* NSString+helper.h */,
				637005D51AE4DE2400B8BAFD /* NSString+helper.m */,
				637005D61AE4DE2400B8BAFD /* TXGeneral+helper.h */,
				637005D71AE4DE2400B8BAFD /* TXGeneral+helper.m */,
				635B1A3C1AEC968B003F37B5 /* UIImage+helper.h */,
				635B1A3D1AEC968B003F37B5 /* UIImage+helper.m */,
			);
			path = Categroy;
			sourceTree = "<group>";
		};
		6371917A1B1F01B1005C09C8 /* PinYin4Objc */ = {
			isa = PBXGroup;
			children = (
				6371917B1B1F01B1005C09C8 /* Classes */,
				637191871B1F01B1005C09C8 /* Resources */,
			);
			path = PinYin4Objc;
			sourceTree = "<group>";
		};
		6371917B1B1F01B1005C09C8 /* Classes */ = {
			isa = PBXGroup;
			children = (
				6371917C1B1F01B1005C09C8 /* ChineseToPinyinResource.h */,
				6371917D1B1F01B1005C09C8 /* ChineseToPinyinResource.m */,
				6371917E1B1F01B1005C09C8 /* HanyuPinyinOutputFormat.h */,
				6371917F1B1F01B1005C09C8 /* HanyuPinyinOutputFormat.m */,
				637191801B1F01B1005C09C8 /* NSString+PinYin4Cocoa.h */,
				637191811B1F01B1005C09C8 /* NSString+PinYin4Cocoa.m */,
				637191821B1F01B1005C09C8 /* PinYin4Objc.h */,
				637191831B1F01B1005C09C8 /* PinyinFormatter.h */,
				637191841B1F01B1005C09C8 /* PinyinFormatter.m */,
				637191851B1F01B1005C09C8 /* PinyinHelper.h */,
				637191861B1F01B1005C09C8 /* PinyinHelper.m */,
			);
			path = Classes;
			sourceTree = "<group>";
		};
		637191871B1F01B1005C09C8 /* Resources */ = {
			isa = PBXGroup;
			children = (
				637191881B1F01B1005C09C8 /* unicode_to_hanyu_pinyin.txt */,
			);
			path = Resources;
			sourceTree = "<group>";
		};
		6371918F1B1F01CF005C09C8 /* AKNumericFormatter */ = {
			isa = PBXGroup;
			children = (
				637191901B1F01CF005C09C8 /* AKNumericFormatter-Prefix.pch */,
				637191911B1F01CF005C09C8 /* AKNumericFormatter.h */,
				637191921B1F01CF005C09C8 /* AKNumericFormatter.m */,
				637191931B1F01CF005C09C8 /* NSString+AKNumericFormatter.h */,
				637191941B1F01CF005C09C8 /* NSString+AKNumericFormatter.m */,
				637191951B1F01CF005C09C8 /* UITextField+AKNumericFormatter.h */,
				637191961B1F01CF005C09C8 /* UITextField+AKNumericFormatter.m */,
			);
			path = AKNumericFormatter;
			sourceTree = "<group>";
		};
		63719AFE1B44DBE900AB7DE3 /* AboutCall */ = {
			isa = PBXGroup;
			children = (
				63719AFF1B44DBFC00AB7DE3 /* CallingView.h */,
				63719B001B44DBFC00AB7DE3 /* CallingView.m */,
				63DACA7E1B8439C300276FF5 /* CallInView.h */,
				63DACA7F1B8439C300276FF5 /* CallInView.m */,
			);
			path = AboutCall;
			sourceTree = "<group>";
		};
		6378583E1B316F3F006D5155 /* GetContacts */ = {
			isa = PBXGroup;
			children = (
				637858451B317BEB006D5155 /* GetAllContacts.h */,
				637858461B317BEB006D5155 /* GetAllContacts.m */,
			);
			path = GetContacts;
			sourceTree = "<group>";
		};
		637B49CF1B438BA400326937 /* CallAndDivert */ = {
			isa = PBXGroup;
			children = (
				637B49E01B438E2900326937 /* CallAndDivert.h */,
				637B49E11B438E2900326937 /* CallAndDivert.m */,
			);
			path = CallAndDivert;
			sourceTree = "<group>";
		};
		637B49D31B438D4400326937 /* GuideView */ = {
			isa = PBXGroup;
			children = (
				637B49D41B438D7300326937 /* Guides.h */,
				637B49D51B438D7300326937 /* Guides.m */,
				637B49D61B438D7300326937 /* GuideView.h */,
				637B49D71B438D7300326937 /* GuideView.m */,
			);
			name = GuideView;
			path = Images/GuideView;
			sourceTree = "<group>";
		};
		637B49DA1B438DA000326937 /* SVProgressHUD */ = {
			isa = PBXGroup;
			children = (
				637B49DB1B438DA000326937 /* SVProgressHUD.bundle */,
				637B49DC1B438DA000326937 /* SVProgressHUD.h */,
				637B49DD1B438DA000326937 /* SVProgressHUD.m */,
			);
			path = SVProgressHUD;
			sourceTree = "<group>";
		};
		637E41D21B3961D20015F682 /* login */ = {
			isa = PBXGroup;
			children = (
				637E41D31B3961D20015F682 /* LoginController.h */,
				637E41D41B3961D20015F682 /* LoginController.m */,
			);
			path = login;
			sourceTree = "<group>";
		};
		637E41D71B3961D20015F682 /* register */ = {
			isa = PBXGroup;
			children = (
				637E41D81B3961D20015F682 /* RegisteViewController.h */,
				637E41D91B3961D20015F682 /* RegisteViewController.m */,
				63AE3B021B60EFFD0035DE87 /* ProvisionViewController.h */,
				63AE3B031B60EFFD0035DE87 /* ProvisionViewController.m */,
			);
			path = register;
			sourceTree = "<group>";
		};
		637E41DA1B3961D20015F682 /* updatePwd */ = {
			isa = PBXGroup;
			children = (
				637E41DB1B3961D20015F682 /* UpdatePwdController.h */,
				637E41DC1B3961D20015F682 /* UpdatePwdController.m */,
			);
			path = updatePwd;
			sourceTree = "<group>";
		};
		637E41E11B3962B20015F682 /* External */ = {
			isa = PBXGroup;
			children = (
				63FA3A4D1B5E28FF0049EB1C /* AFNetworking */,
				637B49DA1B438DA000326937 /* SVProgressHUD */,
			);
			path = External;
			sourceTree = "<group>";
		};
		63912DBA1B69FB93000E097B /* addressBooks */ = {
			isa = PBXGroup;
			children = (
				63912DBB1B69FB93000E097B /* MyAddressBooks.h */,
				63912DBC1B69FB93000E097B /* MyAddressBooks.m */,
				63E200871B79E9DB0002FAE8 /* ConBook.h */,
				63E200881B79E9DB0002FAE8 /* ConBook.m */,
			);
			path = addressBooks;
			sourceTree = "<group>";
		};
		63B8F09F1B6775E700221AA4 /* class */ = {
			isa = PBXGroup;
			children = (
				63B8F0A01B6775E700221AA4 /* ChatsInputView.h */,
				63B8F0A11B6775E700221AA4 /* ChatsInputView.m */,
				63B8F0A21B6775E700221AA4 /* HPGrowingTextView.h */,
				63B8F0A31B6775E700221AA4 /* HPGrowingTextView.m */,
				63B8F0A41B6775E700221AA4 /* HPTextViewInternal.h */,
				63B8F0A51B6775E700221AA4 /* HPTextViewInternal.m */,
			);
			path = class;
			sourceTree = "<group>";
		};
		63D34AFB1AF9C6DD00C8B533 /* Images */ = {
			isa = PBXGroup;
			children = (
				63D4871F1B183B72005F2E1A /* phone_connect.gif */,
				63D4871D1B183B24005F2E1A /* ble_connect.gif */,
				63D34AFC1AF9C6DD00C8B533 /* board.gif */,
				635F81801B3A851300A7A7D1 /* ff.gif */,
				635F818A1B3AAB5900A7A7D1 /* line.gif */,
			);
			path = Images;
			sourceTree = "<group>";
		};
		63D97E131B0C86FA00C5C33B /*  StaticLibrarys */ = {
			isa = PBXGroup;
			children = (
				63E1FACE1B09C8F2005C7258 /* CoreLocation.framework */,
				63E1FACC1B09C8E5005C7258 /* CoreTelephony.framework */,
				63E1FAC81B09C8C2005C7258 /* MobileCoreServices.framework */,
				63E1FAC61B09C8B8005C7258 /* SystemConfiguration.framework */,
				632AC6431ADCF0240023FAA9 /* libsqlite3.dylib */,
				63E1FACA1B09C8D7005C7258 /* libicucore.dylib */,
			);
			name = " StaticLibrarys";
			path = "TXBoxNew/ StaticLibrarys";
			sourceTree = "<group>";
		};
		63DACA841B8474D600276FF5 /* FMDB */ = {
			isa = PBXGroup;
			children = (
				63DACA851B8474D600276FF5 /* FMDB.h */,
				63DACA861B8474D600276FF5 /* FMDatabase.h */,
				63DACA871B8474D600276FF5 /* FMDatabase.m */,
				63DACA881B8474D600276FF5 /* FMDatabaseAdditions.h */,
				63DACA891B8474D600276FF5 /* FMDatabaseAdditions.m */,
				63DACA8A1B8474D600276FF5 /* FMDatabasePool.h */,
				63DACA8B1B8474D600276FF5 /* FMDatabasePool.m */,
				63DACA8C1B8474D600276FF5 /* FMDatabaseQueue.h */,
				63DACA8D1B8474D600276FF5 /* FMDatabaseQueue.m */,
				63DACA8E1B8474D600276FF5 /* FMResultSet.h */,
				63DACA8F1B8474D600276FF5 /* FMResultSet.m */,
			);
			path = FMDB;
			sourceTree = "<group>";
		};
		63DEA66E1B009425003343A7 /* msgDetail */ = {
			isa = PBXGroup;
			children = (
				63DEA6701B0094FB003343A7 /* Message.h */,
				63DEA6711B0094FB003343A7 /* Message.m */,
				63DEA6731B0094FB003343A7 /* MsgDetailCell.h */,
				63DEA6741B0094FB003343A7 /* MsgDetailCell.m */,
				63DEA6751B0094FB003343A7 /* MsgDetailController.h */,
				63DEA6761B0094FB003343A7 /* MsgDetailController.m */,
				63DEA6771B0094FB003343A7 /* MsgFrame.h */,
				63DEA6781B0094FB003343A7 /* MsgFrame.m */,
				6367B0B41B16E1AE0005F4B0 /* EditView.h */,
				6367B0B51B16E1AE0005F4B0 /* EditView.m */,
				638773571B4F894600771AF2 /* ShareContentController.h */,
				638773581B4F894600771AF2 /* ShareContentController.m */,
				637DFFC71B87192B0078114F /* MsgModel.h */,
				637DFFC81B87192B0078114F /* MsgModel.m */,
			);
			path = msgDetail;
			sourceTree = "<group>";
		};
		63DEA66F1B009425003343A7 /* newMsg */ = {
			isa = PBXGroup;
			children = (
				63B8F09F1B6775E700221AA4 /* class */,
				63DEA67E1B009512003343A7 /* NewMsgController.h */,
				63DEA67F1B009512003343A7 /* NewMsgController.m */,
				6391323E1B21778B00F61E04 /* ShowContactsController.h */,
				6391323F1B21778B00F61E04 /* ShowContactsController.m */,
				639132411B2177A500F61E04 /* ShowContactsCell.h */,
				639132421B2177A500F61E04 /* ShowContactsCell.m */,
			);
			path = newMsg;
			sourceTree = "<group>";
		};
		63FA3A4D1B5E28FF0049EB1C /* AFNetworking */ = {
			isa = PBXGroup;
			children = (
				63FA3A4E1B5E28FF0049EB1C /* AFHTTPRequestOperation.h */,
				63FA3A4F1B5E28FF0049EB1C /* AFHTTPRequestOperation.m */,
				63FA3A501B5E28FF0049EB1C /* AFHTTPRequestOperationManager.h */,
				63FA3A511B5E28FF0049EB1C /* AFHTTPRequestOperationManager.m */,
				63FA3A521B5E28FF0049EB1C /* AFHTTPSessionManager.h */,
				63FA3A531B5E28FF0049EB1C /* AFHTTPSessionManager.m */,
				63FA3A541B5E28FF0049EB1C /* AFNetworkReachabilityManager.h */,
				63FA3A551B5E28FF0049EB1C /* AFNetworkReachabilityManager.m */,
				63FA3A561B5E28FF0049EB1C /* AFNetworking.h */,
				63FA3A571B5E28FF0049EB1C /* AFSecurityPolicy.h */,
				63FA3A581B5E28FF0049EB1C /* AFSecurityPolicy.m */,
				63FA3A591B5E28FF0049EB1C /* AFURLConnectionOperation.h */,
				63FA3A5A1B5E28FF0049EB1C /* AFURLConnectionOperation.m */,
				63FA3A5B1B5E28FF0049EB1C /* AFURLRequestSerialization.h */,
				63FA3A5C1B5E28FF0049EB1C /* AFURLRequestSerialization.m */,
				63FA3A5D1B5E28FF0049EB1C /* AFURLResponseSerialization.h */,
				63FA3A5E1B5E28FF0049EB1C /* AFURLResponseSerialization.m */,
				63FA3A5F1B5E28FF0049EB1C /* AFURLSessionManager.h */,
				63FA3A601B5E28FF0049EB1C /* AFURLSessionManager.m */,
			);
			path = AFNetworking;
			sourceTree = "<group>";
		};
		63FB5FC61ADBB58700A1A92B = {
			isa = PBXGroup;
			children = (
				63E200831B7991920002FAE8 /* AVOSCloud.framework */,
				63FB5FD11ADBB58700A1A92B /* TXBoxNew */,
				63FB5FEB1ADBB58800A1A92B /* TXBoxNewTests */,
				63FB5FD01ADBB58700A1A92B /* Products */,
				63D97E131B0C86FA00C5C33B /*  StaticLibrarys */,
			);
			sourceTree = "<group>";
		};
		63FB5FD01ADBB58700A1A92B /* Products */ = {
			isa = PBXGroup;
			children = (
				63FB5FCF1ADBB58700A1A92B /* TXBoxNew.app */,
				63FB5FE81ADBB58800A1A92B /* TXBoxNewTests.xctest */,
			);
			name = Products;
			sourceTree = "<group>";
		};
		63FB5FD11ADBB58700A1A92B /* TXBoxNew */ = {
			isa = PBXGroup;
			children = (
				63719AFE1B44DBE900AB7DE3 /* AboutCall */,
				637B49CF1B438BA400326937 /* CallAndDivert */,
				6352996D1ADE39D5006840AC /* Classes */,
				637005D31AE4DE2400B8BAFD /* Categroy */,
				637005C01AE4C1D000B8BAFD /* Peripheral_connect */,
				635299651ADE372E006840AC /* CustomTabBar */,
				635299591ADE0296006840AC /* Singleton */,
				632AC6341ADCE92F0023FAA9 /* Sqlite_3 */,
				63DACA841B8474D600276FF5 /* FMDB */,
				6378583E1B316F3F006D5155 /* GetContacts */,
				637E41E11B3962B20015F682 /* External */,
				63DBF8AA1B0303C500041321 /* TXNavgationController.h */,
				63DBF8AB1B0303C500041321 /* TXNavgationController.m */,
				63FB5FD61ADBB58700A1A92B /* AppDelegate.h */,
				63FB5FD71ADBB58700A1A92B /* AppDelegate.m */,
				63FB5FDC1ADBB58700A1A92B /* Main.storyboard */,
				6387735C1B4FB0A000771AF2 /* Launch Screen.xib */,
				63FB5FDF1ADBB58700A1A92B /* Images.xcassets */,
				63FB5FD21ADBB58700A1A92B /* Supporting Files */,
			);
			path = TXBoxNew;
			sourceTree = "<group>";
		};
		63FB5FD21ADBB58700A1A92B /* Supporting Files */ = {
			isa = PBXGroup;
			children = (
				632AC63E1ADCEB7C0023FAA9 /* Common.h */,
				63FB5FD31ADBB58700A1A92B /* Info.plist */,
				63FB5FD41ADBB58700A1A92B /* main.m */,
				632AC63C1ADCEA760023FAA9 /* TXBoxNew.pch */,
			);
			name = "Supporting Files";
			sourceTree = "<group>";
		};
		63FB5FEB1ADBB58800A1A92B /* TXBoxNewTests */ = {
			isa = PBXGroup;
			children = (
				63FB5FEE1ADBB58800A1A92B /* TXBoxNewTests.m */,
				63FB5FEC1ADBB58800A1A92B /* Supporting Files */,
			);
			path = TXBoxNewTests;
			sourceTree = "<group>";
		};
		63FB5FEC1ADBB58800A1A92B /* Supporting Files */ = {
			isa = PBXGroup;
			children = (
				63FB5FED1ADBB58800A1A92B /* Info.plist */,
			);
			name = "Supporting Files";
			sourceTree = "<group>";
		};
		63FF5E911B4D2148007D791F /* TextViewInput */ = {
			isa = PBXGroup;
			children = (
				63FF5E921B4D2148007D791F /* TextViewInput.h */,
				63FF5E931B4D2148007D791F /* TextViewInput.m */,
				63FF5E941B4D2148007D791F /* abcd.png */,
			);
			path = TextViewInput;
			sourceTree = "<group>";
		};
/* End PBXGroup section */

/* Begin PBXNativeTarget section */
		63FB5FCE1ADBB58700A1A92B /* TXBoxNew */ = {
			isa = PBXNativeTarget;
			buildConfigurationList = 63FB5FF21ADBB58800A1A92B /* Build configuration list for PBXNativeTarget "TXBoxNew" */;
			buildPhases = (
				63FB5FCB1ADBB58700A1A92B /* Sources */,
				63FB5FCC1ADBB58700A1A92B /* Frameworks */,
				63FB5FCD1ADBB58700A1A92B /* Resources */,
			);
			buildRules = (
			);
			dependencies = (
			);
			name = TXBoxNew;
			productName = TXBoxNew;
			productReference = 63FB5FCF1ADBB58700A1A92B /* TXBoxNew.app */;
			productType = "com.apple.product-type.application";
		};
		63FB5FE71ADBB58800A1A92B /* TXBoxNewTests */ = {
			isa = PBXNativeTarget;
			buildConfigurationList = 63FB5FF51ADBB58800A1A92B /* Build configuration list for PBXNativeTarget "TXBoxNewTests" */;
			buildPhases = (
				63FB5FE41ADBB58800A1A92B /* Sources */,
				63FB5FE51ADBB58800A1A92B /* Frameworks */,
				63FB5FE61ADBB58800A1A92B /* Resources */,
			);
			buildRules = (
			);
			dependencies = (
				63FB5FEA1ADBB58800A1A92B /* PBXTargetDependency */,
			);
			name = TXBoxNewTests;
			productName = TXBoxNewTests;
			productReference = 63FB5FE81ADBB58800A1A92B /* TXBoxNewTests.xctest */;
			productType = "com.apple.product-type.bundle.unit-test";
		};
/* End PBXNativeTarget section */

/* Begin PBXProject section */
		63FB5FC71ADBB58700A1A92B /* Project object */ = {
			isa = PBXProject;
			attributes = {
				LastUpgradeCheck = 0630;
				ORGANIZATIONNAME = playtime;
				TargetAttributes = {
					63FB5FCE1ADBB58700A1A92B = {
						CreatedOnToolsVersion = 6.3;
						DevelopmentTeam = FUNQN7N5RS;
					};
					63FB5FE71ADBB58800A1A92B = {
						CreatedOnToolsVersion = 6.3;
						DevelopmentTeam = FUNQN7N5RS;
						TestTargetID = 63FB5FCE1ADBB58700A1A92B;
					};
				};
			};
			buildConfigurationList = 63FB5FCA1ADBB58700A1A92B /* Build configuration list for PBXProject "TXBoxNew" */;
			compatibilityVersion = "Xcode 3.2";
			developmentRegion = English;
			hasScannedForEncodings = 0;
			knownRegions = (
				Base,
			);
			mainGroup = 63FB5FC61ADBB58700A1A92B;
			productRefGroup = 63FB5FD01ADBB58700A1A92B /* Products */;
			projectDirPath = "";
			projectRoot = "";
			targets = (
				63FB5FCE1ADBB58700A1A92B /* TXBoxNew */,
				63FB5FE71ADBB58800A1A92B /* TXBoxNewTests */,
			);
		};
/* End PBXProject section */

/* Begin PBXResourcesBuildPhase section */
		63FB5FCD1ADBB58700A1A92B /* Resources */ = {
			isa = PBXResourcesBuildPhase;
			buildActionMask = 2147483647;
			files = (
				63D34AFD1AF9C6DD00C8B533 /* board.gif in Resources */,
				63FB5FDE1ADBB58700A1A92B /* Main.storyboard in Resources */,
				63D487201B183B72005F2E1A /* phone_connect.gif in Resources */,
				63FF5E961B4D2148007D791F /* abcd.png in Resources */,
				6382AE9E1B660D6A00745285 /* ContactsTableViewCell.xib in Resources */,
				6363DA681B2AD369005EF820 /* MessageCell.xib in Resources */,
				635F818B1B3AAB5900A7A7D1 /* line.gif in Resources */,
				63D4871E1B183B24005F2E1A /* ble_connect.gif in Resources */,
				6371918E1B1F01B1005C09C8 /* unicode_to_hanyu_pinyin.txt in Resources */,
				63FE286E1B20196A00A1C901 /* PhoneAreas.sqlite in Resources */,
				637B49DE1B438DA000326937 /* SVProgressHUD.bundle in Resources */,
				635F81811B3A851300A7A7D1 /* ff.gif in Resources */,
				63FB5FE01ADBB58700A1A92B /* Images.xcassets in Resources */,
				63315A521B12D5FF00BD9817 /* Addresser.plist in Resources */,
				6387735D1B4FB0A000771AF2 /* Launch Screen.xib in Resources */,
			);
			runOnlyForDeploymentPostprocessing = 0;
		};
		63FB5FE61ADBB58800A1A92B /* Resources */ = {
			isa = PBXResourcesBuildPhase;
			buildActionMask = 2147483647;
			files = (
			);
			runOnlyForDeploymentPostprocessing = 0;
		};
/* End PBXResourcesBuildPhase section */

/* Begin PBXSourcesBuildPhase section */
		63FB5FCB1ADBB58700A1A92B /* Sources */ = {
			isa = PBXSourcesBuildPhase;
			buildActionMask = 2147483647;
			files = (
				6350035C1ADFB9710051377F /* pinyin.c in Sources */,
				637005CA1AE4C1D000B8BAFD /* BLEOperation.m in Sources */,
				63D4871C1B1835CA005F2E1A /* DiscoveryController.m in Sources */,
				632AC63A1ADCE92F0023FAA9 /* TXSqliteOperate.m in Sources */,
				63AE3B041B60EFFD0035DE87 /* ProvisionViewController.m in Sources */,
				63FB5FD81ADBB58700A1A92B /* AppDelegate.m in Sources */,
				63FA3A641B5E28FF0049EB1C /* AFNetworkReachabilityManager.m in Sources */,
				6371850D1B858A500080D5FA /* DBDatas.m in Sources */,
				6350035F1ADFBB750051377F /* Records.m in Sources */,
				6352995C1ADE0296006840AC /* TXTelNumSingleton.m in Sources */,
				6371918C1B1F01B1005C09C8 /* PinyinFormatter.m in Sources */,
				63FA3A611B5E28FF0049EB1C /* AFHTTPRequestOperation.m in Sources */,
				6367B0B61B16E1AE0005F4B0 /* EditView.m in Sources */,
				637B49DF1B438DA000326937 /* SVProgressHUD.m in Sources */,
				6352996B1ADE372E006840AC /* TabBarViewController.m in Sources */,
				63FA3A621B5E28FF0049EB1C /* AFHTTPRequestOperationManager.m in Sources */,
				63DACA911B8474D600276FF5 /* FMDatabaseAdditions.m in Sources */,
				63DEA6801B009512003343A7 /* NewMsgController.m in Sources */,
				63DACA931B8474D600276FF5 /* FMDatabaseQueue.m in Sources */,
				63FA3A691B5E28FF0049EB1C /* AFURLSessionManager.m in Sources */,
				63DED3841B81798C00CAB80F /* BLEHelper.m in Sources */,
				637DFFC91B87192B0078114F /* MsgModel.m in Sources */,
				637005D81AE4DE2400B8BAFD /* NSString+helper.m in Sources */,
				637E41DE1B3961D20015F682 /* PopView.m in Sources */,
				6371918D1B1F01B1005C09C8 /* PinyinHelper.m in Sources */,
				637B49D81B438D7300326937 /* Guides.m in Sources */,
				637858471B317BEB006D5155 /* GetAllContacts.m in Sources */,
				6359D08E1AE5F28E00592201 /* MessageCell.m in Sources */,
				637191991B1F01CF005C09C8 /* UITextField+AKNumericFormatter.m in Sources */,
				637191891B1F01B1005C09C8 /* ChineseToPinyinResource.m in Sources */,
				63DCF8971B731ACC00C897F2 /* ContactsData.m in Sources */,
				637E41E41B3962F20015F682 /* TXKeyView.m in Sources */,
				63DEA67C1B0094FB003343A7 /* MsgDetailController.m in Sources */,
				63FA3A631B5E28FF0049EB1C /* AFHTTPSessionManager.m in Sources */,
				6382AE9D1B660D6A00745285 /* ContactsTableViewCell.m in Sources */,
				6371918B1B1F01B1005C09C8 /* NSString+PinYin4Cocoa.m in Sources */,
				637191971B1F01CF005C09C8 /* AKNumericFormatter.m in Sources */,
				63DEA6791B0094FB003343A7 /* Message.m in Sources */,
				63B8F0A81B6775E700221AA4 /* HPTextViewInternal.m in Sources */,
				63E200891B79E9DB0002FAE8 /* ConBook.m in Sources */,
				635299811ADE3AF7006840AC /* CallController.m in Sources */,
				63FF5E951B4D2148007D791F /* TextViewInput.m in Sources */,
				63B8F0A71B6775E700221AA4 /* HPGrowingTextView.m in Sources */,
				63DBF8AC1B0303C500041321 /* TXNavgationController.m in Sources */,
				635B1A3E1AEC968B003F37B5 /* UIImage+helper.m in Sources */,
				635299821ADE3AF7006840AC /* CallRecordsCell.m in Sources */,
				637E41E01B3961D20015F682 /* UpdatePwdController.m in Sources */,
				637191981B1F01CF005C09C8 /* NSString+AKNumericFormatter.m in Sources */,
				637B49D91B438D7300326937 /* GuideView.m in Sources */,
				639132431B2177A500F61E04 /* ShowContactsCell.m in Sources */,
				63DACA941B8474D600276FF5 /* FMResultSet.m in Sources */,
				63FA3A651B5E28FF0049EB1C /* AFSecurityPolicy.m in Sources */,
				637E41DF1B3961D20015F682 /* RegisteViewController.m in Sources */,
				63FA3A681B5E28FF0049EB1C /* AFURLResponseSerialization.m in Sources */,
				63975E6D1AE73C040076E849 /* CustomTabBarView.m in Sources */,
				639132401B21778B00F61E04 /* ShowContactsController.m in Sources */,
				636FDE9D1B453BD40056F241 /* BLEmanager.m in Sources */,
				637005CB1AE4C1D000B8BAFD /* TXCallAction.m in Sources */,
				637005D91AE4DE2400B8BAFD /* TXGeneral+helper.m in Sources */,
				63FA3A661B5E28FF0049EB1C /* AFURLConnectionOperation.m in Sources */,
				637E41DD1B3961D20015F682 /* LoginController.m in Sources */,
				63DEA67B1B0094FB003343A7 /* MsgDetailCell.m in Sources */,
				637B49E21B438E2900326937 /* CallAndDivert.m in Sources */,
				632AC6391ADCE92F0023FAA9 /* TXData.m in Sources */,
				63DACA921B8474D600276FF5 /* FMDatabasePool.m in Sources */,
				63DED3851B81798C00CAB80F /* Messages.m in Sources */,
				63DACA801B8439C300276FF5 /* CallInView.m in Sources */,
				6371918A1B1F01B1005C09C8 /* HanyuPinyinOutputFormat.m in Sources */,
				63912DBD1B69FB93000E097B /* MyAddressBooks.m in Sources */,
				63DACA901B8474D600276FF5 /* FMDatabase.m in Sources */,
				63FA3A671B5E28FF0049EB1C /* AFURLRequestSerialization.m in Sources */,
				6352996A1ADE372E006840AC /* CustomTabBarBtn.m in Sources */,
				63719B011B44DBFC00AB7DE3 /* CallingView.m in Sources */,
				637005CC1AE4C1D000B8BAFD /* TXMessageProcessing.m in Sources */,
				6387735A1B4F894600771AF2 /* ShareContentController.m in Sources */,
				63FB5FD51ADBB58700A1A92B /* main.m in Sources */,
				63DEA67D1B0094FB003343A7 /* MsgFrame.m in Sources */,
				63B8F0A61B6775E700221AA4 /* ChatsInputView.m in Sources */,
				63DACA831B84741200276FF5 /* DBHelper.m in Sources */,
				636A29FB1B4A2DDA00B8F504 /* ContactController.m in Sources */,
				6359D0941AE600AB00592201 /* MessageController.m in Sources */,
			);
			runOnlyForDeploymentPostprocessing = 0;
		};
		63FB5FE41ADBB58800A1A92B /* Sources */ = {
			isa = PBXSourcesBuildPhase;
			buildActionMask = 2147483647;
			files = (
				63FB5FEF1ADBB58800A1A92B /* TXBoxNewTests.m in Sources */,
			);
			runOnlyForDeploymentPostprocessing = 0;
		};
/* End PBXSourcesBuildPhase section */

/* Begin PBXTargetDependency section */
		63FB5FEA1ADBB58800A1A92B /* PBXTargetDependency */ = {
			isa = PBXTargetDependency;
			target = 63FB5FCE1ADBB58700A1A92B /* TXBoxNew */;
			targetProxy = 63FB5FE91ADBB58800A1A92B /* PBXContainerItemProxy */;
		};
/* End PBXTargetDependency section */

/* Begin PBXVariantGroup section */
		63FB5FDC1ADBB58700A1A92B /* Main.storyboard */ = {
			isa = PBXVariantGroup;
			children = (
				63FB5FDD1ADBB58700A1A92B /* Base */,
			);
			name = Main.storyboard;
			sourceTree = "<group>";
		};
/* End PBXVariantGroup section */

/* Begin XCBuildConfiguration section */
		63FB5FF01ADBB58800A1A92B /* Debug */ = {
			isa = XCBuildConfiguration;
			buildSettings = {
				ALWAYS_SEARCH_USER_PATHS = NO;
				CLANG_CXX_LANGUAGE_STANDARD = "gnu++0x";
				CLANG_CXX_LIBRARY = "libc++";
				CLANG_ENABLE_MODULES = YES;
				CLANG_ENABLE_OBJC_ARC = YES;
				CLANG_WARN_BOOL_CONVERSION = YES;
				CLANG_WARN_CONSTANT_CONVERSION = YES;
				CLANG_WARN_DIRECT_OBJC_ISA_USAGE = YES_ERROR;
				CLANG_WARN_EMPTY_BODY = YES;
				CLANG_WARN_ENUM_CONVERSION = YES;
				CLANG_WARN_INT_CONVERSION = YES;
				CLANG_WARN_OBJC_ROOT_CLASS = YES_ERROR;
				CLANG_WARN_UNREACHABLE_CODE = YES;
				CLANG_WARN__DUPLICATE_METHOD_MATCH = YES;
				CODE_SIGN_IDENTITY = "iPhone Distribution: ShenZhen WanShi Technology Co.,Ltd (FUNQN7N5RS)";
				"CODE_SIGN_IDENTITY[sdk=iphoneos*]" = "iPhone Distribution: ShenZhen WanShi Technology Co.,Ltd (FUNQN7N5RS)";
				COPY_PHASE_STRIP = NO;
				DEBUG_INFORMATION_FORMAT = "dwarf-with-dsym";
				ENABLE_STRICT_OBJC_MSGSEND = YES;
				GCC_C_LANGUAGE_STANDARD = gnu99;
				GCC_DYNAMIC_NO_PIC = NO;
				GCC_NO_COMMON_BLOCKS = YES;
				GCC_OPTIMIZATION_LEVEL = 0;
				GCC_PREPROCESSOR_DEFINITIONS = (
					"DEBUG=1",
					"$(inherited)",
				);
				GCC_SYMBOLS_PRIVATE_EXTERN = NO;
				GCC_WARN_64_TO_32_BIT_CONVERSION = YES;
				GCC_WARN_ABOUT_RETURN_TYPE = YES_ERROR;
				GCC_WARN_UNDECLARED_SELECTOR = YES;
				GCC_WARN_UNINITIALIZED_AUTOS = YES_AGGRESSIVE;
				GCC_WARN_UNUSED_FUNCTION = YES;
				GCC_WARN_UNUSED_VARIABLE = YES;
				IPHONEOS_DEPLOYMENT_TARGET = 8.0;
				MTL_ENABLE_DEBUG_INFO = YES;
				ONLY_ACTIVE_ARCH = YES;
				PROVISIONING_PROFILE = "8e18f814-64f3-4aff-b7fa-511e6f3c0abb";
				SDKROOT = iphoneos;
			};
			name = Debug;
		};
		63FB5FF11ADBB58800A1A92B /* Release */ = {
			isa = XCBuildConfiguration;
			buildSettings = {
				ALWAYS_SEARCH_USER_PATHS = NO;
				CLANG_CXX_LANGUAGE_STANDARD = "gnu++0x";
				CLANG_CXX_LIBRARY = "libc++";
				CLANG_ENABLE_MODULES = YES;
				CLANG_ENABLE_OBJC_ARC = YES;
				CLANG_WARN_BOOL_CONVERSION = YES;
				CLANG_WARN_CONSTANT_CONVERSION = YES;
				CLANG_WARN_DIRECT_OBJC_ISA_USAGE = YES_ERROR;
				CLANG_WARN_EMPTY_BODY = YES;
				CLANG_WARN_ENUM_CONVERSION = YES;
				CLANG_WARN_INT_CONVERSION = YES;
				CLANG_WARN_OBJC_ROOT_CLASS = YES_ERROR;
				CLANG_WARN_UNREACHABLE_CODE = YES;
				CLANG_WARN__DUPLICATE_METHOD_MATCH = YES;
				CODE_SIGN_IDENTITY = "iPhone Distribution: ShenZhen WanShi Technology Co.,Ltd (FUNQN7N5RS)";
				"CODE_SIGN_IDENTITY[sdk=iphoneos*]" = "iPhone Distribution: ShenZhen WanShi Technology Co.,Ltd (FUNQN7N5RS)";
				COPY_PHASE_STRIP = NO;
				DEBUG_INFORMATION_FORMAT = "dwarf-with-dsym";
				ENABLE_NS_ASSERTIONS = NO;
				ENABLE_STRICT_OBJC_MSGSEND = YES;
				GCC_C_LANGUAGE_STANDARD = gnu99;
				GCC_NO_COMMON_BLOCKS = YES;
				GCC_WARN_64_TO_32_BIT_CONVERSION = YES;
				GCC_WARN_ABOUT_RETURN_TYPE = YES_ERROR;
				GCC_WARN_UNDECLARED_SELECTOR = YES;
				GCC_WARN_UNINITIALIZED_AUTOS = YES_AGGRESSIVE;
				GCC_WARN_UNUSED_FUNCTION = YES;
				GCC_WARN_UNUSED_VARIABLE = YES;
				IPHONEOS_DEPLOYMENT_TARGET = 8.0;
				MTL_ENABLE_DEBUG_INFO = NO;
				ONLY_ACTIVE_ARCH = YES;
				PROVISIONING_PROFILE = "8e18f814-64f3-4aff-b7fa-511e6f3c0abb";
				SDKROOT = iphoneos;
				VALIDATE_PRODUCT = YES;
			};
			name = Release;
		};
		63FB5FF31ADBB58800A1A92B /* Debug */ = {
			isa = XCBuildConfiguration;
			buildSettings = {
				ASSETCATALOG_COMPILER_APPICON_NAME = AppIcon;
				ASSETCATALOG_COMPILER_LAUNCHIMAGE_NAME = "LaunchImage-1";
				CODE_SIGN_IDENTITY = "iPhone Distribution: ShenZhen WanShi Technology Co.,Ltd (FUNQN7N5RS)";
				"CODE_SIGN_IDENTITY[sdk=iphoneos*]" = "iPhone Distribution: ShenZhen WanShi Technology Co.,Ltd (FUNQN7N5RS)";
				FRAMEWORK_SEARCH_PATHS = (
					"$(inherited)",
					"$(PROJECT_DIR)/",
					StaticLibrarys,
					"$(PROJECT_DIR)/",
					StaticLibrarys,
					"$(PROJECT_DIR)/",
					StaticLibrarys,
					"$(PROJECT_DIR)/",
					StaticLibrarys,
					"$(PROJECT_DIR)/TXBoxNew/",
					StaticLibrarys,
					"$(PROJECT_DIR)/TXBoxNew/",
					StaticLibrarys,
					"$(PROJECT_DIR)/TXBoxNew/",
					StaticLibrarys,
					"$(PROJECT_DIR)/TXBoxNew/",
					StaticLibrarys,
					"$(PROJECT_DIR)/TXBoxNew/",
					StaticLibrarys,
					"$(PROJECT_DIR)/TXBoxNew/",
					StaticLibrarys,
					"$(PROJECT_DIR)/TXBoxNew/",
					StaticLibrarys,
					"$(PROJECT_DIR)/TXBoxNew/",
					StaticLibrarys,
					"$(PROJECT_DIR)/TXBoxNew/",
					StaticLibrarys,
					"$(PROJECT_DIR)/TXBoxNew/",
					StaticLibrarys,
					"$(PROJECT_DIR)/TXBoxNew/",
					StaticLibrarys,
					"$(PROJECT_DIR)/TXBoxNew/",
					StaticLibrarys,
					"$(PROJECT_DIR)/TXBoxNew/",
					StaticLibrarys,
					"$(PROJECT_DIR)/TXBoxNew/",
					StaticLibrarys,
					"$(PROJECT_DIR)/TXBoxNew/",
					StaticLibrarys,
					"$(PROJECT_DIR)/TXBoxNew/",
					StaticLibrarys,
					"$(PROJECT_DIR)/TXBoxNew/",
					StaticLibrarys,
					"$(PROJECT_DIR)/TXBoxNew/",
					StaticLibrarys,
					"$(PROJECT_DIR)/TXBoxNew/",
					StaticLibrarys,
					"$(PROJECT_DIR)/TXBoxNew/",
					StaticLibrarys,
					"$(PROJECT_DIR)/TXBoxNew/",
					StaticLibrarys,
					"$(PROJECT_DIR)/TXBoxNew/",
					StaticLibrarys,
					"$(PROJECT_DIR)/TXBoxNew/",
					StaticLibrarys,
					"$(PROJECT_DIR)/TXBoxNew/",
					StaticLibrarys,
					"$(PROJECT_DIR)/TXBoxNew/",
					StaticLibrarys,
					"$(PROJECT_DIR)/TXBoxNew/",
					StaticLibrarys,
					"$(PROJECT_DIR)/TXBoxNew/",
					StaticLibrarys,
					"$(PROJECT_DIR)/TXBoxNew/",
					StaticLibrarys,
					"$(PROJECT_DIR)/TXBoxNew/",
					StaticLibrarys,
					"$(PROJECT_DIR)/TXBoxNew/",
					StaticLibrarys,
					"$(PROJECT_DIR)/TXBoxNew/",
					StaticLibrarys,
					"$(PROJECT_DIR)/TXBoxNew/",
					StaticLibrarys,
					"$(PROJECT_DIR)/TXBoxNew/",
					StaticLibrarys,
					"$(PROJECT_DIR)/TXBoxNew/",
					StaticLibrarys,
					"$(PROJECT_DIR)/TXBoxNew/",
					StaticLibrarys,
					"$(PROJECT_DIR)/TXBoxNew/",
					StaticLibrarys,
					"$(PROJECT_DIR)/TXBoxNew/",
					StaticLibrarys,
					"$(PROJECT_DIR)/TXBoxNew/",
					StaticLibrarys,
					"$(PROJECT_DIR)/TXBoxNew/",
					StaticLibrarys,
					"$(PROJECT_DIR)/TXBoxNew/",
					StaticLibrarys,
					"$(PROJECT_DIR)/TXBoxNew/",
					StaticLibrarys,
					"$(PROJECT_DIR)/TXBoxNew/",
					StaticLibrarys,
					"$(PROJECT_DIR)/TXBoxNew/",
					StaticLibrarys,
					"$(PROJECT_DIR)/TXBoxNew/",
					StaticLibrarys,
					"$(PROJECT_DIR)/TXBoxNew/",
					StaticLibrarys,
					"$(PROJECT_DIR)/TXBoxNew/",
					StaticLibrarys,
					"$(PROJECT_DIR)/TXBoxNew/",
					StaticLibrarys,
					"$(PROJECT_DIR)/TXBoxNew/",
					StaticLibrarys,
					"$(PROJECT_DIR)/TXBoxNew/",
					StaticLibrarys,
					"$(PROJECT_DIR)/TXBoxNew/",
					StaticLibrarys,
					"$(PROJECT_DIR)/TXBoxNew/",
					StaticLibrarys,
					"$(PROJECT_DIR)/TXBoxNew/",
					StaticLibrarys,
					"$(PROJECT_DIR)/TXBoxNew/",
					StaticLibrarys,
					"$(PROJECT_DIR)/TXBoxNew/",
					StaticLibrarys,
					"$(PROJECT_DIR)/TXBoxNew/",
					StaticLibrarys,
					"$(PROJECT_DIR)/TXBoxNew/",
					StaticLibrarys,
					"$(PROJECT_DIR)/TXBoxNew/",
					StaticLibrarys,
					"$(PROJECT_DIR)/TXBoxNew/",
					StaticLibrarys,
					"$(PROJECT_DIR)/TXBoxNew/",
					StaticLibrarys,
					"$(PROJECT_DIR)/TXBoxNew/",
					StaticLibrarys,
					"$(PROJECT_DIR)/TXBoxNew/",
					StaticLibrarys,
					"$(PROJECT_DIR)/TXBoxNew/",
					StaticLibrarys,
					"$(PROJECT_DIR)/TXBoxNew/",
					StaticLibrarys,
					"$(PROJECT_DIR)/TXBoxNew/",
					StaticLibrarys,
					"$(PROJECT_DIR)/TXBoxNew/",
					StaticLibrarys,
					"$(PROJECT_DIR)/TXBoxNew/",
					StaticLibrarys,
					"$(PROJECT_DIR)/TXBoxNew",
				);
				GCC_PRECOMPILE_PREFIX_HEADER = YES;
				GCC_PREFIX_HEADER = "$(SRCROOT)/TXBoxNew/TXBoxNew.pch";
				HEADER_SEARCH_PATHS = (
					"$(inherited)",
					/Applications/Xcode.app/Contents/Developer/Toolchains/XcodeDefault.xctoolchain/usr/include,
					/usr/include/libxml2,
				);
				INFOPLIST_FILE = TXBoxNew/Info.plist;
				IPHONEOS_DEPLOYMENT_TARGET = 8.0;
				LD_RUNPATH_SEARCH_PATHS = "$(inherited) @executable_path/Frameworks";
				OTHER_LDFLAGS = "-lxml2";
				PRODUCT_NAME = "$(TARGET_NAME)";
				PROVISIONING_PROFILE = "8e18f814-64f3-4aff-b7fa-511e6f3c0abb";
				TARGETED_DEVICE_FAMILY = 1;
			};
			name = Debug;
		};
		63FB5FF41ADBB58800A1A92B /* Release */ = {
			isa = XCBuildConfiguration;
			buildSettings = {
				ASSETCATALOG_COMPILER_APPICON_NAME = AppIcon;
				ASSETCATALOG_COMPILER_LAUNCHIMAGE_NAME = "LaunchImage-1";
				CODE_SIGN_IDENTITY = "iPhone Distribution: ShenZhen WanShi Technology Co.,Ltd (FUNQN7N5RS)";
				"CODE_SIGN_IDENTITY[sdk=iphoneos*]" = "iPhone Distribution: ShenZhen WanShi Technology Co.,Ltd (FUNQN7N5RS)";
				FRAMEWORK_SEARCH_PATHS = (
					"$(inherited)",
					"$(PROJECT_DIR)/",
					StaticLibrarys,
					"$(PROJECT_DIR)/",
					StaticLibrarys,
					"$(PROJECT_DIR)/",
					StaticLibrarys,
					"$(PROJECT_DIR)/",
					StaticLibrarys,
					"$(PROJECT_DIR)/TXBoxNew/",
					StaticLibrarys,
					"$(PROJECT_DIR)/TXBoxNew/",
					StaticLibrarys,
					"$(PROJECT_DIR)/TXBoxNew/",
					StaticLibrarys,
					"$(PROJECT_DIR)/TXBoxNew/",
					StaticLibrarys,
					"$(PROJECT_DIR)/TXBoxNew/",
					StaticLibrarys,
					"$(PROJECT_DIR)/TXBoxNew/",
					StaticLibrarys,
					"$(PROJECT_DIR)/TXBoxNew/",
					StaticLibrarys,
					"$(PROJECT_DIR)/TXBoxNew/",
					StaticLibrarys,
					"$(PROJECT_DIR)/TXBoxNew/",
					StaticLibrarys,
					"$(PROJECT_DIR)/TXBoxNew/",
					StaticLibrarys,
					"$(PROJECT_DIR)/TXBoxNew/",
					StaticLibrarys,
					"$(PROJECT_DIR)/TXBoxNew/",
					StaticLibrarys,
					"$(PROJECT_DIR)/TXBoxNew/",
					StaticLibrarys,
					"$(PROJECT_DIR)/TXBoxNew/",
					StaticLibrarys,
					"$(PROJECT_DIR)/TXBoxNew/",
					StaticLibrarys,
					"$(PROJECT_DIR)/TXBoxNew/",
					StaticLibrarys,
					"$(PROJECT_DIR)/TXBoxNew/",
					StaticLibrarys,
					"$(PROJECT_DIR)/TXBoxNew/",
					StaticLibrarys,
					"$(PROJECT_DIR)/TXBoxNew/",
					StaticLibrarys,
					"$(PROJECT_DIR)/TXBoxNew/",
					StaticLibrarys,
					"$(PROJECT_DIR)/TXBoxNew/",
					StaticLibrarys,
					"$(PROJECT_DIR)/TXBoxNew/",
					StaticLibrarys,
					"$(PROJECT_DIR)/TXBoxNew/",
					StaticLibrarys,
					"$(PROJECT_DIR)/TXBoxNew/",
					StaticLibrarys,
					"$(PROJECT_DIR)/TXBoxNew/",
					StaticLibrarys,
					"$(PROJECT_DIR)/TXBoxNew/",
					StaticLibrarys,
					"$(PROJECT_DIR)/TXBoxNew/",
					StaticLibrarys,
					"$(PROJECT_DIR)/TXBoxNew/",
					StaticLibrarys,
					"$(PROJECT_DIR)/TXBoxNew/",
					StaticLibrarys,
					"$(PROJECT_DIR)/TXBoxNew/",
					StaticLibrarys,
					"$(PROJECT_DIR)/TXBoxNew/",
					StaticLibrarys,
					"$(PROJECT_DIR)/TXBoxNew/",
					StaticLibrarys,
					"$(PROJECT_DIR)/TXBoxNew/",
					StaticLibrarys,
					"$(PROJECT_DIR)/TXBoxNew/",
					StaticLibrarys,
					"$(PROJECT_DIR)/TXBoxNew/",
					StaticLibrarys,
					"$(PROJECT_DIR)/TXBoxNew/",
					StaticLibrarys,
					"$(PROJECT_DIR)/TXBoxNew/",
					StaticLibrarys,
					"$(PROJECT_DIR)/TXBoxNew/",
					StaticLibrarys,
					"$(PROJECT_DIR)/TXBoxNew/",
					StaticLibrarys,
					"$(PROJECT_DIR)/TXBoxNew/",
					StaticLibrarys,
					"$(PROJECT_DIR)/TXBoxNew/",
					StaticLibrarys,
					"$(PROJECT_DIR)/TXBoxNew/",
					StaticLibrarys,
					"$(PROJECT_DIR)/TXBoxNew/",
					StaticLibrarys,
					"$(PROJECT_DIR)/TXBoxNew/",
					StaticLibrarys,
					"$(PROJECT_DIR)/TXBoxNew/",
					StaticLibrarys,
					"$(PROJECT_DIR)/TXBoxNew/",
					StaticLibrarys,
					"$(PROJECT_DIR)/TXBoxNew/",
					StaticLibrarys,
					"$(PROJECT_DIR)/TXBoxNew/",
					StaticLibrarys,
					"$(PROJECT_DIR)/TXBoxNew/",
					StaticLibrarys,
					"$(PROJECT_DIR)/TXBoxNew/",
					StaticLibrarys,
					"$(PROJECT_DIR)/TXBoxNew/",
					StaticLibrarys,
					"$(PROJECT_DIR)/TXBoxNew/",
					StaticLibrarys,
					"$(PROJECT_DIR)/TXBoxNew/",
					StaticLibrarys,
					"$(PROJECT_DIR)/TXBoxNew/",
					StaticLibrarys,
					"$(PROJECT_DIR)/TXBoxNew/",
					StaticLibrarys,
					"$(PROJECT_DIR)/TXBoxNew/",
					StaticLibrarys,
					"$(PROJECT_DIR)/TXBoxNew/",
					StaticLibrarys,
					"$(PROJECT_DIR)/TXBoxNew/",
					StaticLibrarys,
					"$(PROJECT_DIR)/TXBoxNew/",
					StaticLibrarys,
					"$(PROJECT_DIR)/TXBoxNew/",
					StaticLibrarys,
					"$(PROJECT_DIR)/TXBoxNew/",
					StaticLibrarys,
					"$(PROJECT_DIR)/TXBoxNew/",
					StaticLibrarys,
					"$(PROJECT_DIR)/TXBoxNew/",
					StaticLibrarys,
					"$(PROJECT_DIR)/TXBoxNew/",
					StaticLibrarys,
					"$(PROJECT_DIR)/TXBoxNew/",
					StaticLibrarys,
					"$(PROJECT_DIR)/TXBoxNew/",
					StaticLibrarys,
					"$(PROJECT_DIR)/TXBoxNew",
				);
				GCC_PRECOMPILE_PREFIX_HEADER = YES;
				GCC_PREFIX_HEADER = "$(SRCROOT)/TXBoxNew/TXBoxNew.pch";
				HEADER_SEARCH_PATHS = (
					"$(inherited)",
					/Applications/Xcode.app/Contents/Developer/Toolchains/XcodeDefault.xctoolchain/usr/include,
					/usr/include/libxml2,
				);
				INFOPLIST_FILE = TXBoxNew/Info.plist;
				IPHONEOS_DEPLOYMENT_TARGET = 8.0;
				LD_RUNPATH_SEARCH_PATHS = "$(inherited) @executable_path/Frameworks";
				OTHER_LDFLAGS = "-lxml2";
				PRODUCT_NAME = "$(TARGET_NAME)";
				PROVISIONING_PROFILE = "8e18f814-64f3-4aff-b7fa-511e6f3c0abb";
				TARGETED_DEVICE_FAMILY = 1;
			};
			name = Release;
		};
		63FB5FF61ADBB58800A1A92B /* Debug */ = {
			isa = XCBuildConfiguration;
			buildSettings = {
				BUNDLE_LOADER = "$(TEST_HOST)";
				CODE_SIGN_IDENTITY = "iPhone Developer";
				"CODE_SIGN_IDENTITY[sdk=iphoneos*]" = "iPhone Developer";
				FRAMEWORK_SEARCH_PATHS = (
					"$(SDKROOT)/Developer/Library/Frameworks",
					"$(inherited)",
				);
				GCC_PREPROCESSOR_DEFINITIONS = (
					"DEBUG=1",
					"$(inherited)",
				);
				INFOPLIST_FILE = TXBoxNewTests/Info.plist;
				LD_RUNPATH_SEARCH_PATHS = "$(inherited) @executable_path/Frameworks @loader_path/Frameworks";
				PRODUCT_NAME = "$(TARGET_NAME)";
				PROVISIONING_PROFILE = "";
				TEST_HOST = "$(BUILT_PRODUCTS_DIR)/TXBoxNew.app/TXBoxNew";
			};
			name = Debug;
		};
		63FB5FF71ADBB58800A1A92B /* Release */ = {
			isa = XCBuildConfiguration;
			buildSettings = {
				BUNDLE_LOADER = "$(TEST_HOST)";
				CODE_SIGN_IDENTITY = "iPhone Developer";
				"CODE_SIGN_IDENTITY[sdk=iphoneos*]" = "iPhone Developer";
				FRAMEWORK_SEARCH_PATHS = (
					"$(SDKROOT)/Developer/Library/Frameworks",
					"$(inherited)",
				);
				INFOPLIST_FILE = TXBoxNewTests/Info.plist;
				LD_RUNPATH_SEARCH_PATHS = "$(inherited) @executable_path/Frameworks @loader_path/Frameworks";
				PRODUCT_NAME = "$(TARGET_NAME)";
				PROVISIONING_PROFILE = "";
				TEST_HOST = "$(BUILT_PRODUCTS_DIR)/TXBoxNew.app/TXBoxNew";
			};
			name = Release;
		};
/* End XCBuildConfiguration section */

/* Begin XCConfigurationList section */
		63FB5FCA1ADBB58700A1A92B /* Build configuration list for PBXProject "TXBoxNew" */ = {
			isa = XCConfigurationList;
			buildConfigurations = (
				63FB5FF01ADBB58800A1A92B /* Debug */,
				63FB5FF11ADBB58800A1A92B /* Release */,
			);
			defaultConfigurationIsVisible = 0;
			defaultConfigurationName = Release;
		};
		63FB5FF21ADBB58800A1A92B /* Build configuration list for PBXNativeTarget "TXBoxNew" */ = {
			isa = XCConfigurationList;
			buildConfigurations = (
				63FB5FF31ADBB58800A1A92B /* Debug */,
				63FB5FF41ADBB58800A1A92B /* Release */,
			);
			defaultConfigurationIsVisible = 0;
			defaultConfigurationName = Release;
		};
		63FB5FF51ADBB58800A1A92B /* Build configuration list for PBXNativeTarget "TXBoxNewTests" */ = {
			isa = XCConfigurationList;
			buildConfigurations = (
				63FB5FF61ADBB58800A1A92B /* Debug */,
				63FB5FF71ADBB58800A1A92B /* Release */,
			);
			defaultConfigurationIsVisible = 0;
			defaultConfigurationName = Release;
		};
/* End XCConfigurationList section */
	};
	rootObject = 63FB5FC71ADBB58700A1A92B /* Project object */;
}
